// !$*UTF8*$!
{
	archiveVersion = 1;
	classes = {
	};
	objectVersion = 46;
	objects = {

/* Begin PBXBuildFile section */
		0D06CABA152F3F5D00FA35FE /* CommentViewController.m in Sources */ = {isa = PBXBuildFile; fileRef = 0D06CAB8152F3F5D00FA35FE /* CommentViewController.m */; };
		0D06CABB152F3F5D00FA35FE /* CommentViewController.xib in Resources */ = {isa = PBXBuildFile; fileRef = 0D06CAB9152F3F5D00FA35FE /* CommentViewController.xib */; };
		0D4A7F3E152AFD56003BAC85 /* disease.plist in Resources */ = {isa = PBXBuildFile; fileRef = 0D4A7F3D152AFD56003BAC85 /* disease.plist */; };
		0D6C2199153B2C4A0081B044 /* DeptSelectVC.m in Sources */ = {isa = PBXBuildFile; fileRef = 0D6C2197153B2C490081B044 /* DeptSelectVC.m */; };
		0D6C219A153B2C4A0081B044 /* DeptSelectVC.xib in Resources */ = {isa = PBXBuildFile; fileRef = 0D6C2198153B2C490081B044 /* DeptSelectVC.xib */; };
		0D6DDCD7150FAE2F001BD397 /* QuartzCore.framework in Frameworks */ = {isa = PBXBuildFile; fileRef = 0D6DDCD6150FAE2F001BD397 /* QuartzCore.framework */; };
		0D6ED6B91535BCC1008A7AC3 /* DoctorListVC.m in Sources */ = {isa = PBXBuildFile; fileRef = 0D6ED6B71535BCC1008A7AC3 /* DoctorListVC.m */; };
		0D6ED6BA1535BCC1008A7AC3 /* DoctorListVC.xib in Resources */ = {isa = PBXBuildFile; fileRef = 0D6ED6B81535BCC1008A7AC3 /* DoctorListVC.xib */; };
		0D6F25AA15276ED3001A3A92 /* ListViewController1.m in Sources */ = {isa = PBXBuildFile; fileRef = 0D6F25A815276ED3001A3A92 /* ListViewController1.m */; };
		0D6F25AB15276ED3001A3A92 /* ListViewController1.xib in Resources */ = {isa = PBXBuildFile; fileRef = 0D6F25A915276ED3001A3A92 /* ListViewController1.xib */; };
		0D6F25AF15276EEC001A3A92 /* ListViewController2.m in Sources */ = {isa = PBXBuildFile; fileRef = 0D6F25AD15276EEB001A3A92 /* ListViewController2.m */; };
		0D6F25B015276EEC001A3A92 /* ListViewController2.xib in Resources */ = {isa = PBXBuildFile; fileRef = 0D6F25AE15276EEC001A3A92 /* ListViewController2.xib */; };
		0D6F25B2152773B5001A3A92 /* Entitlement.plist in Resources */ = {isa = PBXBuildFile; fileRef = 0D6F25B1152773B5001A3A92 /* Entitlement.plist */; };
		0D6FA66D151F5EE800DC57B5 /* NSObject+SBJson.m in Sources */ = {isa = PBXBuildFile; fileRef = 0D6FA655151F5EE800DC57B5 /* NSObject+SBJson.m */; };
		0D6FA66E151F5EE800DC57B5 /* SBJsonParser.m in Sources */ = {isa = PBXBuildFile; fileRef = 0D6FA658151F5EE800DC57B5 /* SBJsonParser.m */; };
		0D6FA66F151F5EE800DC57B5 /* SBJsonStreamParser.m in Sources */ = {isa = PBXBuildFile; fileRef = 0D6FA65A151F5EE800DC57B5 /* SBJsonStreamParser.m */; };
		0D6FA670151F5EE800DC57B5 /* SBJsonStreamParserAccumulator.m in Sources */ = {isa = PBXBuildFile; fileRef = 0D6FA65C151F5EE800DC57B5 /* SBJsonStreamParserAccumulator.m */; };
		0D6FA671151F5EE800DC57B5 /* SBJsonStreamParserAdapter.m in Sources */ = {isa = PBXBuildFile; fileRef = 0D6FA65E151F5EE800DC57B5 /* SBJsonStreamParserAdapter.m */; };
		0D6FA672151F5EE800DC57B5 /* SBJsonStreamParserState.m in Sources */ = {isa = PBXBuildFile; fileRef = 0D6FA660151F5EE800DC57B5 /* SBJsonStreamParserState.m */; };
		0D6FA673151F5EE800DC57B5 /* SBJsonStreamWriter.m in Sources */ = {isa = PBXBuildFile; fileRef = 0D6FA662151F5EE800DC57B5 /* SBJsonStreamWriter.m */; };
		0D6FA674151F5EE800DC57B5 /* SBJsonStreamWriterAccumulator.m in Sources */ = {isa = PBXBuildFile; fileRef = 0D6FA664151F5EE800DC57B5 /* SBJsonStreamWriterAccumulator.m */; };
		0D6FA675151F5EE800DC57B5 /* SBJsonStreamWriterState.m in Sources */ = {isa = PBXBuildFile; fileRef = 0D6FA666151F5EE800DC57B5 /* SBJsonStreamWriterState.m */; };
		0D6FA676151F5EE800DC57B5 /* SBJsonTokeniser.m in Sources */ = {isa = PBXBuildFile; fileRef = 0D6FA668151F5EE800DC57B5 /* SBJsonTokeniser.m */; };
		0D6FA677151F5EE800DC57B5 /* SBJsonUTF8Stream.m in Sources */ = {isa = PBXBuildFile; fileRef = 0D6FA66A151F5EE800DC57B5 /* SBJsonUTF8Stream.m */; };
		0D6FA678151F5EE800DC57B5 /* SBJsonWriter.m in Sources */ = {isa = PBXBuildFile; fileRef = 0D6FA66C151F5EE800DC57B5 /* SBJsonWriter.m */; };
		0D6FC3FF151A3F2400C8E4D5 /* HospitalListViewController.m in Sources */ = {isa = PBXBuildFile; fileRef = 0D6FC3FE151A3F2300C8E4D5 /* HospitalListViewController.m */; };
		0D6FC402151A4CDF00C8E4D5 /* DoctorListViewController.m in Sources */ = {isa = PBXBuildFile; fileRef = 0D6FC401151A4CDF00C8E4D5 /* DoctorListViewController.m */; };
		0D6FC999152AF58400A77E44 /* DropDownList.m in Sources */ = {isa = PBXBuildFile; fileRef = 0D6FC998152AF58400A77E44 /* DropDownList.m */; };
		0D708A9A1515A77A007EA936 /* LoginViewController.m in Sources */ = {isa = PBXBuildFile; fileRef = 0D708A981515A77A007EA936 /* LoginViewController.m */; };
		0D708A9B1515A77A007EA936 /* LoginViewController.xib in Resources */ = {isa = PBXBuildFile; fileRef = 0D708A991515A77A007EA936 /* LoginViewController.xib */; };
		0D708A9F1515A78B007EA936 /* RegisterViewController.m in Sources */ = {isa = PBXBuildFile; fileRef = 0D708A9D1515A78B007EA936 /* RegisterViewController.m */; };
		0D708AA01515A78B007EA936 /* RegisterViewController.xib in Resources */ = {isa = PBXBuildFile; fileRef = 0D708A9E1515A78B007EA936 /* RegisterViewController.xib */; };
		0D7123601520C3E6006420C2 /* Constants.m in Sources */ = {isa = PBXBuildFile; fileRef = 0D71235F1520C3E5006420C2 /* Constants.m */; };
		0D7136DE152F1E5800AC115E /* HomePageNavVC.m in Sources */ = {isa = PBXBuildFile; fileRef = 0D7136DD152F1E5800AC115E /* HomePageNavVC.m */; };
		0D73A630152C3AE70077666D /* CityListVC.m in Sources */ = {isa = PBXBuildFile; fileRef = 0D73A62E152C3AE70077666D /* CityListVC.m */; };
		0D73A631152C3AE70077666D /* CityListVC.xib in Resources */ = {isa = PBXBuildFile; fileRef = 0D73A62F152C3AE70077666D /* CityListVC.xib */; };
		0D7433E8151E5BAE009119A9 /* ASIAuthenticationDialog.m in Sources */ = {isa = PBXBuildFile; fileRef = 0D743391151E5BAE009119A9 /* ASIAuthenticationDialog.m */; settings = {COMPILER_FLAGS = "-fno-objc-arc"; }; };
		0D7433E9151E5BAE009119A9 /* ASIDataCompressor.m in Sources */ = {isa = PBXBuildFile; fileRef = 0D743394151E5BAE009119A9 /* ASIDataCompressor.m */; settings = {COMPILER_FLAGS = "-fno-objc-arc"; }; };
		0D7433EA151E5BAE009119A9 /* ASIDataDecompressor.m in Sources */ = {isa = PBXBuildFile; fileRef = 0D743396151E5BAE009119A9 /* ASIDataDecompressor.m */; settings = {COMPILER_FLAGS = "-fno-objc-arc"; }; };
		0D7433EB151E5BAE009119A9 /* ASIDownloadCache.m in Sources */ = {isa = PBXBuildFile; fileRef = 0D743398151E5BAE009119A9 /* ASIDownloadCache.m */; settings = {COMPILER_FLAGS = "-fno-objc-arc"; }; };
		0D7433EC151E5BAE009119A9 /* ASIFormDataRequest.m in Sources */ = {isa = PBXBuildFile; fileRef = 0D74339A151E5BAE009119A9 /* ASIFormDataRequest.m */; settings = {COMPILER_FLAGS = "-fno-objc-arc"; }; };
		0D7433ED151E5BAE009119A9 /* ASIHTTPRequest.m in Sources */ = {isa = PBXBuildFile; fileRef = 0D74339C151E5BAE009119A9 /* ASIHTTPRequest.m */; settings = {COMPILER_FLAGS = "-fno-objc-arc"; }; };
		0D7433EE151E5BAE009119A9 /* ASIInputStream.m in Sources */ = {isa = PBXBuildFile; fileRef = 0D7433A0151E5BAE009119A9 /* ASIInputStream.m */; settings = {COMPILER_FLAGS = "-fno-objc-arc"; }; };
		0D7433EF151E5BAE009119A9 /* ASINetworkQueue.m in Sources */ = {isa = PBXBuildFile; fileRef = 0D7433A2151E5BAE009119A9 /* ASINetworkQueue.m */; settings = {COMPILER_FLAGS = "-fno-objc-arc"; }; };
		0D74340D151E5BAE009119A9 /* README-GHUnit in Resources */ = {isa = PBXBuildFile; fileRef = 0D7433E4151E5BAE009119A9 /* README-GHUnit */; };
		0D74340E151E5BAE009119A9 /* Reachability.m in Sources */ = {isa = PBXBuildFile; fileRef = 0D7433E7151E5BAE009119A9 /* Reachability.m */; settings = {COMPILER_FLAGS = "-fno-objc-arc"; }; };
		0D743410151E5C60009119A9 /* SystemConfiguration.framework in Frameworks */ = {isa = PBXBuildFile; fileRef = 0D74340F151E5C60009119A9 /* SystemConfiguration.framework */; };
		0D743412151E5C66009119A9 /* MobileCoreServices.framework in Frameworks */ = {isa = PBXBuildFile; fileRef = 0D743411151E5C66009119A9 /* MobileCoreServices.framework */; };
		0D743414151E5C70009119A9 /* libz.1.2.5.dylib in Frameworks */ = {isa = PBXBuildFile; fileRef = 0D743413151E5C70009119A9 /* libz.1.2.5.dylib */; };
		0D743416151E5C78009119A9 /* libxml2.2.7.3.dylib in Frameworks */ = {isa = PBXBuildFile; fileRef = 0D743415151E5C78009119A9 /* libxml2.2.7.3.dylib */; };
		0D743437151E5CB6009119A9 /* ASIWebPageRequest.m in Sources */ = {isa = PBXBuildFile; fileRef = 0D743419151E5CB6009119A9 /* ASIWebPageRequest.m */; settings = {COMPILER_FLAGS = "-fno-objc-arc"; }; };
		0D743438151E5CB6009119A9 /* ASICloudFilesCDNRequest.m in Sources */ = {isa = PBXBuildFile; fileRef = 0D74341C151E5CB6009119A9 /* ASICloudFilesCDNRequest.m */; settings = {COMPILER_FLAGS = "-fno-objc-arc"; }; };
		0D743439151E5CB6009119A9 /* ASICloudFilesContainer.m in Sources */ = {isa = PBXBuildFile; fileRef = 0D74341E151E5CB6009119A9 /* ASICloudFilesContainer.m */; settings = {COMPILER_FLAGS = "-fno-objc-arc"; }; };
		0D74343A151E5CB6009119A9 /* ASICloudFilesContainerRequest.m in Sources */ = {isa = PBXBuildFile; fileRef = 0D743420151E5CB6009119A9 /* ASICloudFilesContainerRequest.m */; settings = {COMPILER_FLAGS = "-fno-objc-arc"; }; };
		0D74343B151E5CB6009119A9 /* ASICloudFilesContainerXMLParserDelegate.m in Sources */ = {isa = PBXBuildFile; fileRef = 0D743422151E5CB6009119A9 /* ASICloudFilesContainerXMLParserDelegate.m */; settings = {COMPILER_FLAGS = "-fno-objc-arc"; }; };
		0D74343C151E5CB6009119A9 /* ASICloudFilesObject.m in Sources */ = {isa = PBXBuildFile; fileRef = 0D743424151E5CB6009119A9 /* ASICloudFilesObject.m */; settings = {COMPILER_FLAGS = "-fno-objc-arc"; }; };
		0D74343D151E5CB6009119A9 /* ASICloudFilesObjectRequest.m in Sources */ = {isa = PBXBuildFile; fileRef = 0D743426151E5CB6009119A9 /* ASICloudFilesObjectRequest.m */; settings = {COMPILER_FLAGS = "-fno-objc-arc"; }; };
		0D74343E151E5CB6009119A9 /* ASICloudFilesRequest.m in Sources */ = {isa = PBXBuildFile; fileRef = 0D743428151E5CB6009119A9 /* ASICloudFilesRequest.m */; settings = {COMPILER_FLAGS = "-fno-objc-arc"; }; };
		0D74343F151E5CB6009119A9 /* ASIS3Bucket.m in Sources */ = {isa = PBXBuildFile; fileRef = 0D74342C151E5CB6009119A9 /* ASIS3Bucket.m */; settings = {COMPILER_FLAGS = "-fno-objc-arc"; }; };
		0D743440151E5CB6009119A9 /* ASIS3BucketObject.m in Sources */ = {isa = PBXBuildFile; fileRef = 0D74342E151E5CB6009119A9 /* ASIS3BucketObject.m */; settings = {COMPILER_FLAGS = "-fno-objc-arc"; }; };
		0D743441151E5CB6009119A9 /* ASIS3BucketRequest.m in Sources */ = {isa = PBXBuildFile; fileRef = 0D743430151E5CB6009119A9 /* ASIS3BucketRequest.m */; settings = {COMPILER_FLAGS = "-fno-objc-arc"; }; };
		0D743442151E5CB6009119A9 /* ASIS3ObjectRequest.m in Sources */ = {isa = PBXBuildFile; fileRef = 0D743432151E5CB6009119A9 /* ASIS3ObjectRequest.m */; settings = {COMPILER_FLAGS = "-fno-objc-arc"; }; };
		0D743443151E5CB6009119A9 /* ASIS3Request.m in Sources */ = {isa = PBXBuildFile; fileRef = 0D743434151E5CB6009119A9 /* ASIS3Request.m */; settings = {COMPILER_FLAGS = "-fno-objc-arc"; }; };
		0D743444151E5CB6009119A9 /* ASIS3ServiceRequest.m in Sources */ = {isa = PBXBuildFile; fileRef = 0D743436151E5CB6009119A9 /* ASIS3ServiceRequest.m */; settings = {COMPILER_FLAGS = "-fno-objc-arc"; }; };
		0D743446151E5DA3009119A9 /* CFNetwork.framework in Frameworks */ = {isa = PBXBuildFile; fileRef = 0D743445151E5DA3009119A9 /* CFNetwork.framework */; };
		0D74B992152DEE510063E9B0 /* cities.plist in Resources */ = {isa = PBXBuildFile; fileRef = 0D74B991152DEE510063E9B0 /* cities.plist */; };
		0D9A9A1A152F367000D62421 /* rbDown.png in Resources */ = {isa = PBXBuildFile; fileRef = 0D9A9A17152F367000D62421 /* rbDown.png */; };
		0D9A9A1C152F367000D62421 /* rbNormal.png in Resources */ = {isa = PBXBuildFile; fileRef = 0D9A9A19152F367000D62421 /* rbNormal.png */; };
		0DB6928B15277BBD00FD7F98 /* DoctorDetailVC.m in Sources */ = {isa = PBXBuildFile; fileRef = 0DB6928915277BBD00FD7F98 /* DoctorDetailVC.m */; };
		0DB6928C15277BBD00FD7F98 /* DoctorDetailVC.xib in Resources */ = {isa = PBXBuildFile; fileRef = 0DB6928A15277BBD00FD7F98 /* DoctorDetailVC.xib */; };
		0DECF5D4150C94EB00824D1C /* UIKit.framework in Frameworks */ = {isa = PBXBuildFile; fileRef = 0DECF5D3150C94EB00824D1C /* UIKit.framework */; };
		0DECF5D6150C94EB00824D1C /* Foundation.framework in Frameworks */ = {isa = PBXBuildFile; fileRef = 0DECF5D5150C94EB00824D1C /* Foundation.framework */; };
		0DECF5D8150C94EB00824D1C /* CoreGraphics.framework in Frameworks */ = {isa = PBXBuildFile; fileRef = 0DECF5D7150C94EB00824D1C /* CoreGraphics.framework */; };
		0DECF5DE150C94EB00824D1C /* InfoPlist.strings in Resources */ = {isa = PBXBuildFile; fileRef = 0DECF5DC150C94EB00824D1C /* InfoPlist.strings */; };
		0DECF5E0150C94EB00824D1C /* main.m in Sources */ = {isa = PBXBuildFile; fileRef = 0DECF5DF150C94EB00824D1C /* main.m */; };
		0DECF5E4150C94EB00824D1C /* AppDelegate.m in Sources */ = {isa = PBXBuildFile; fileRef = 0DECF5E3150C94EB00824D1C /* AppDelegate.m */; };
		0DECF635150C9CAB00824D1C /* homepage.png in Resources */ = {isa = PBXBuildFile; fileRef = 0DECF631150C9CAB00824D1C /* homepage.png */; };
		0DECF636150C9CAB00824D1C /* homepage@2x.png in Resources */ = {isa = PBXBuildFile; fileRef = 0DECF632150C9CAB00824D1C /* homepage@2x.png */; };
		0DECF637150C9CAB00824D1C /* info.png in Resources */ = {isa = PBXBuildFile; fileRef = 0DECF633150C9CAB00824D1C /* info.png */; };
		0DECF638150C9CAB00824D1C /* info@2x.png in Resources */ = {isa = PBXBuildFile; fileRef = 0DECF634150C9CAB00824D1C /* info@2x.png */; };
		0DECF651150C9D0F00824D1C /* HomepageViewController.m in Sources */ = {isa = PBXBuildFile; fileRef = 0DECF64F150C9D0F00824D1C /* HomepageViewController.m */; };
		0DECF652150C9D0F00824D1C /* HomepageViewController.xib in Resources */ = {isa = PBXBuildFile; fileRef = 0DECF650150C9D0F00824D1C /* HomepageViewController.xib */; };
		0DECF656150C9D2400824D1C /* InfoNavViewController.m in Sources */ = {isa = PBXBuildFile; fileRef = 0DECF654150C9D2400824D1C /* InfoNavViewController.m */; };
		0DECF65B150C9E5F00824D1C /* MoreViewController.m in Sources */ = {isa = PBXBuildFile; fileRef = 0DECF659150C9E5F00824D1C /* MoreViewController.m */; };
		0DECF65C150C9E5F00824D1C /* MoreViewController.xib in Resources */ = {isa = PBXBuildFile; fileRef = 0DECF65A150C9E5F00824D1C /* MoreViewController.xib */; };
		0DECF660150C9E7000824D1C /* UserNavViewController.m in Sources */ = {isa = PBXBuildFile; fileRef = 0DECF65E150C9E7000824D1C /* UserNavViewController.m */; };
		0DECF666150C9F2300824D1C /* more.png in Resources */ = {isa = PBXBuildFile; fileRef = 0DECF662150C9F2300824D1C /* more.png */; };
		0DECF667150C9F2300824D1C /* more@2x.png in Resources */ = {isa = PBXBuildFile; fileRef = 0DECF663150C9F2300824D1C /* more@2x.png */; };
		0DECF668150C9F2300824D1C /* user.png in Resources */ = {isa = PBXBuildFile; fileRef = 0DECF664150C9F2300824D1C /* user.png */; };
		0DECF669150C9F2300824D1C /* user@2x.png in Resources */ = {isa = PBXBuildFile; fileRef = 0DECF665150C9F2300824D1C /* user@2x.png */; };
		0DF27B35153089F700D9103E /* MBProgressHUD.m in Sources */ = {isa = PBXBuildFile; fileRef = 0DF27B34153089F700D9103E /* MBProgressHUD.m */; };
		0DF27B4E15308CBF00D9103E /* HUDManger.m in Sources */ = {isa = PBXBuildFile; fileRef = 0DF27B4D15308CBF00D9103E /* HUDManger.m */; };
		B72CCE841538A099000DA066 /* AlterPwdViewController.m in Sources */ = {isa = PBXBuildFile; fileRef = B72CCE821538A099000DA066 /* AlterPwdViewController.m */; };
		B72CCE851538A099000DA066 /* AlterPwdViewController.xib in Resources */ = {isa = PBXBuildFile; fileRef = B72CCE831538A099000DA066 /* AlterPwdViewController.xib */; };
		B72CCE8A1538A0B3000DA066 /* UserInfoViewController.m in Sources */ = {isa = PBXBuildFile; fileRef = B72CCE881538A0B3000DA066 /* UserInfoViewController.m */; };
		B72CCE8B1538A0B3000DA066 /* UserInfoViewController.xib in Resources */ = {isa = PBXBuildFile; fileRef = B72CCE891538A0B3000DA066 /* UserInfoViewController.xib */; };
		B77C554E151EF660009F0613 /* AsiObjectManager.m in Sources */ = {isa = PBXBuildFile; fileRef = B77C554D151EF660009F0613 /* AsiObjectManager.m */; };
		B77CD72615260DFA00D238CD /* FixListViewController.m in Sources */ = {isa = PBXBuildFile; fileRef = B77CD72515260DFA00D238CD /* FixListViewController.m */; };
		B782F112153DBB19005A05BC /* CheckCodeViewController.m in Sources */ = {isa = PBXBuildFile; fileRef = B782F110153DBB19005A05BC /* CheckCodeViewController.m */; };
		B782F113153DBB19005A05BC /* CheckCodeViewController.xib in Resources */ = {isa = PBXBuildFile; fileRef = B782F111153DBB19005A05BC /* CheckCodeViewController.xib */; };
		B782F118153DBB34005A05BC /* ResetPwdViewController.m in Sources */ = {isa = PBXBuildFile; fileRef = B782F116153DBB34005A05BC /* ResetPwdViewController.m */; };
		B782F119153DBB34005A05BC /* ResetPwdViewController.xib in Resources */ = {isa = PBXBuildFile; fileRef = B782F117153DBB34005A05BC /* ResetPwdViewController.xib */; };
		B7832F341541999D007F0FDD /* AlertViewManager.m in Sources */ = {isa = PBXBuildFile; fileRef = B7832F331541999D007F0FDD /* AlertViewManager.m */; };
		B783B44B152373750089AAFD /* DepartmentListViewController.m in Sources */ = {isa = PBXBuildFile; fileRef = B783B44A152373750089AAFD /* DepartmentListViewController.m */; };
		B783B459152375A40089AAFD /* CommentListViewController.m in Sources */ = {isa = PBXBuildFile; fileRef = B783B458152375A40089AAFD /* CommentListViewController.m */; };
		B783B45C152375CE0089AAFD /* DiseaseListViewController.m in Sources */ = {isa = PBXBuildFile; fileRef = B783B45B152375CE0089AAFD /* DiseaseListViewController.m */; };
		B783C60B152F39B000678CA9 /* data.plist in Resources */ = {isa = PBXBuildFile; fileRef = B783C60A152F39B000678CA9 /* data.plist */; };
		B78500EA152C2F4600FDB045 /* HospitalDetailVC.m in Sources */ = {isa = PBXBuildFile; fileRef = B78500E8152C2F4500FDB045 /* HospitalDetailVC.m */; };
		B78500EB152C2F4600FDB045 /* HospitalDetailVC.xib in Resources */ = {isa = PBXBuildFile; fileRef = B78500E9152C2F4500FDB045 /* HospitalDetailVC.xib */; };
/* End PBXBuildFile section */

/* Begin PBXFileReference section */
		0D06CAB7152F3F5D00FA35FE /* CommentViewController.h */ = {isa = PBXFileReference; fileEncoding = 4; lastKnownFileType = sourcecode.c.h; path = CommentViewController.h; sourceTree = "<group>"; };
		0D06CAB8152F3F5D00FA35FE /* CommentViewController.m */ = {isa = PBXFileReference; fileEncoding = 4; lastKnownFileType = sourcecode.c.objc; path = CommentViewController.m; sourceTree = "<group>"; };
		0D06CAB9152F3F5D00FA35FE /* CommentViewController.xib */ = {isa = PBXFileReference; fileEncoding = 4; lastKnownFileType = file.xib; path = CommentViewController.xib; sourceTree = "<group>"; };
		0D4A7F3D152AFD56003BAC85 /* disease.plist */ = {isa = PBXFileReference; fileEncoding = 4; lastKnownFileType = text.plist.xml; path = disease.plist; sourceTree = "<group>"; };
		0D6C2196153B2C490081B044 /* DeptSelectVC.h */ = {isa = PBXFileReference; fileEncoding = 4; lastKnownFileType = sourcecode.c.h; path = DeptSelectVC.h; sourceTree = "<group>"; };
		0D6C2197153B2C490081B044 /* DeptSelectVC.m */ = {isa = PBXFileReference; fileEncoding = 4; lastKnownFileType = sourcecode.c.objc; path = DeptSelectVC.m; sourceTree = "<group>"; };
		0D6C2198153B2C490081B044 /* DeptSelectVC.xib */ = {isa = PBXFileReference; fileEncoding = 4; lastKnownFileType = file.xib; path = DeptSelectVC.xib; sourceTree = "<group>"; };
		0D6DDCD6150FAE2F001BD397 /* QuartzCore.framework */ = {isa = PBXFileReference; lastKnownFileType = wrapper.framework; name = QuartzCore.framework; path = System/Library/Frameworks/QuartzCore.framework; sourceTree = SDKROOT; };
		0D6ED6B61535BCC1008A7AC3 /* DoctorListVC.h */ = {isa = PBXFileReference; fileEncoding = 4; lastKnownFileType = sourcecode.c.h; path = DoctorListVC.h; sourceTree = "<group>"; };
		0D6ED6B71535BCC1008A7AC3 /* DoctorListVC.m */ = {isa = PBXFileReference; fileEncoding = 4; lastKnownFileType = sourcecode.c.objc; path = DoctorListVC.m; sourceTree = "<group>"; };
		0D6ED6B81535BCC1008A7AC3 /* DoctorListVC.xib */ = {isa = PBXFileReference; fileEncoding = 4; lastKnownFileType = file.xib; path = DoctorListVC.xib; sourceTree = "<group>"; };
		0D6F25A715276ED3001A3A92 /* ListViewController1.h */ = {isa = PBXFileReference; fileEncoding = 4; lastKnownFileType = sourcecode.c.h; path = ListViewController1.h; sourceTree = "<group>"; };
		0D6F25A815276ED3001A3A92 /* ListViewController1.m */ = {isa = PBXFileReference; fileEncoding = 4; lastKnownFileType = sourcecode.c.objc; path = ListViewController1.m; sourceTree = "<group>"; };
		0D6F25A915276ED3001A3A92 /* ListViewController1.xib */ = {isa = PBXFileReference; fileEncoding = 4; lastKnownFileType = file.xib; path = ListViewController1.xib; sourceTree = "<group>"; };
		0D6F25AC15276EEB001A3A92 /* ListViewController2.h */ = {isa = PBXFileReference; fileEncoding = 4; lastKnownFileType = sourcecode.c.h; path = ListViewController2.h; sourceTree = "<group>"; };
		0D6F25AD15276EEB001A3A92 /* ListViewController2.m */ = {isa = PBXFileReference; fileEncoding = 4; lastKnownFileType = sourcecode.c.objc; path = ListViewController2.m; sourceTree = "<group>"; };
		0D6F25AE15276EEC001A3A92 /* ListViewController2.xib */ = {isa = PBXFileReference; fileEncoding = 4; lastKnownFileType = file.xib; path = ListViewController2.xib; sourceTree = "<group>"; };
		0D6F25B1152773B5001A3A92 /* Entitlement.plist */ = {isa = PBXFileReference; fileEncoding = 4; lastKnownFileType = text.plist.xml; path = Entitlement.plist; sourceTree = SOURCE_ROOT; };
		0D6FA653151F5EE800DC57B5 /* JSON.h */ = {isa = PBXFileReference; fileEncoding = 4; lastKnownFileType = sourcecode.c.h; path = JSON.h; sourceTree = "<group>"; };
		0D6FA654151F5EE800DC57B5 /* NSObject+SBJson.h */ = {isa = PBXFileReference; fileEncoding = 4; lastKnownFileType = sourcecode.c.h; path = "NSObject+SBJson.h"; sourceTree = "<group>"; };
		0D6FA655151F5EE800DC57B5 /* NSObject+SBJson.m */ = {isa = PBXFileReference; fileEncoding = 4; lastKnownFileType = sourcecode.c.objc; path = "NSObject+SBJson.m"; sourceTree = "<group>"; };
		0D6FA656151F5EE800DC57B5 /* SBJson.h */ = {isa = PBXFileReference; fileEncoding = 4; lastKnownFileType = sourcecode.c.h; path = SBJson.h; sourceTree = "<group>"; };
		0D6FA657151F5EE800DC57B5 /* SBJsonParser.h */ = {isa = PBXFileReference; fileEncoding = 4; lastKnownFileType = sourcecode.c.h; path = SBJsonParser.h; sourceTree = "<group>"; };
		0D6FA658151F5EE800DC57B5 /* SBJsonParser.m */ = {isa = PBXFileReference; fileEncoding = 4; lastKnownFileType = sourcecode.c.objc; path = SBJsonParser.m; sourceTree = "<group>"; };
		0D6FA659151F5EE800DC57B5 /* SBJsonStreamParser.h */ = {isa = PBXFileReference; fileEncoding = 4; lastKnownFileType = sourcecode.c.h; path = SBJsonStreamParser.h; sourceTree = "<group>"; };
		0D6FA65A151F5EE800DC57B5 /* SBJsonStreamParser.m */ = {isa = PBXFileReference; fileEncoding = 4; lastKnownFileType = sourcecode.c.objc; path = SBJsonStreamParser.m; sourceTree = "<group>"; };
		0D6FA65B151F5EE800DC57B5 /* SBJsonStreamParserAccumulator.h */ = {isa = PBXFileReference; fileEncoding = 4; lastKnownFileType = sourcecode.c.h; path = SBJsonStreamParserAccumulator.h; sourceTree = "<group>"; };
		0D6FA65C151F5EE800DC57B5 /* SBJsonStreamParserAccumulator.m */ = {isa = PBXFileReference; fileEncoding = 4; lastKnownFileType = sourcecode.c.objc; path = SBJsonStreamParserAccumulator.m; sourceTree = "<group>"; };
		0D6FA65D151F5EE800DC57B5 /* SBJsonStreamParserAdapter.h */ = {isa = PBXFileReference; fileEncoding = 4; lastKnownFileType = sourcecode.c.h; path = SBJsonStreamParserAdapter.h; sourceTree = "<group>"; };
		0D6FA65E151F5EE800DC57B5 /* SBJsonStreamParserAdapter.m */ = {isa = PBXFileReference; fileEncoding = 4; lastKnownFileType = sourcecode.c.objc; path = SBJsonStreamParserAdapter.m; sourceTree = "<group>"; };
		0D6FA65F151F5EE800DC57B5 /* SBJsonStreamParserState.h */ = {isa = PBXFileReference; fileEncoding = 4; lastKnownFileType = sourcecode.c.h; path = SBJsonStreamParserState.h; sourceTree = "<group>"; };
		0D6FA660151F5EE800DC57B5 /* SBJsonStreamParserState.m */ = {isa = PBXFileReference; fileEncoding = 4; lastKnownFileType = sourcecode.c.objc; path = SBJsonStreamParserState.m; sourceTree = "<group>"; };
		0D6FA661151F5EE800DC57B5 /* SBJsonStreamWriter.h */ = {isa = PBXFileReference; fileEncoding = 4; lastKnownFileType = sourcecode.c.h; path = SBJsonStreamWriter.h; sourceTree = "<group>"; };
		0D6FA662151F5EE800DC57B5 /* SBJsonStreamWriter.m */ = {isa = PBXFileReference; fileEncoding = 4; lastKnownFileType = sourcecode.c.objc; path = SBJsonStreamWriter.m; sourceTree = "<group>"; };
		0D6FA663151F5EE800DC57B5 /* SBJsonStreamWriterAccumulator.h */ = {isa = PBXFileReference; fileEncoding = 4; lastKnownFileType = sourcecode.c.h; path = SBJsonStreamWriterAccumulator.h; sourceTree = "<group>"; };
		0D6FA664151F5EE800DC57B5 /* SBJsonStreamWriterAccumulator.m */ = {isa = PBXFileReference; fileEncoding = 4; lastKnownFileType = sourcecode.c.objc; path = SBJsonStreamWriterAccumulator.m; sourceTree = "<group>"; };
		0D6FA665151F5EE800DC57B5 /* SBJsonStreamWriterState.h */ = {isa = PBXFileReference; fileEncoding = 4; lastKnownFileType = sourcecode.c.h; path = SBJsonStreamWriterState.h; sourceTree = "<group>"; };
		0D6FA666151F5EE800DC57B5 /* SBJsonStreamWriterState.m */ = {isa = PBXFileReference; fileEncoding = 4; lastKnownFileType = sourcecode.c.objc; path = SBJsonStreamWriterState.m; sourceTree = "<group>"; };
		0D6FA667151F5EE800DC57B5 /* SBJsonTokeniser.h */ = {isa = PBXFileReference; fileEncoding = 4; lastKnownFileType = sourcecode.c.h; path = SBJsonTokeniser.h; sourceTree = "<group>"; };
		0D6FA668151F5EE800DC57B5 /* SBJsonTokeniser.m */ = {isa = PBXFileReference; fileEncoding = 4; lastKnownFileType = sourcecode.c.objc; path = SBJsonTokeniser.m; sourceTree = "<group>"; };
		0D6FA669151F5EE800DC57B5 /* SBJsonUTF8Stream.h */ = {isa = PBXFileReference; fileEncoding = 4; lastKnownFileType = sourcecode.c.h; path = SBJsonUTF8Stream.h; sourceTree = "<group>"; };
		0D6FA66A151F5EE800DC57B5 /* SBJsonUTF8Stream.m */ = {isa = PBXFileReference; fileEncoding = 4; lastKnownFileType = sourcecode.c.objc; path = SBJsonUTF8Stream.m; sourceTree = "<group>"; };
		0D6FA66B151F5EE800DC57B5 /* SBJsonWriter.h */ = {isa = PBXFileReference; fileEncoding = 4; lastKnownFileType = sourcecode.c.h; path = SBJsonWriter.h; sourceTree = "<group>"; };
		0D6FA66C151F5EE800DC57B5 /* SBJsonWriter.m */ = {isa = PBXFileReference; fileEncoding = 4; lastKnownFileType = sourcecode.c.objc; path = SBJsonWriter.m; sourceTree = "<group>"; };
		0D6FC3FD151A3F2300C8E4D5 /* HospitalListViewController.h */ = {isa = PBXFileReference; fileEncoding = 4; lastKnownFileType = sourcecode.c.h; path = HospitalListViewController.h; sourceTree = "<group>"; };
		0D6FC3FE151A3F2300C8E4D5 /* HospitalListViewController.m */ = {isa = PBXFileReference; fileEncoding = 4; lastKnownFileType = sourcecode.c.objc; path = HospitalListViewController.m; sourceTree = "<group>"; };
		0D6FC400151A4CDF00C8E4D5 /* DoctorListViewController.h */ = {isa = PBXFileReference; fileEncoding = 4; lastKnownFileType = sourcecode.c.h; path = DoctorListViewController.h; sourceTree = "<group>"; };
		0D6FC401151A4CDF00C8E4D5 /* DoctorListViewController.m */ = {isa = PBXFileReference; fileEncoding = 4; lastKnownFileType = sourcecode.c.objc; path = DoctorListViewController.m; sourceTree = "<group>"; };
		0D6FC997152AF58400A77E44 /* DropDownList.h */ = {isa = PBXFileReference; fileEncoding = 4; lastKnownFileType = sourcecode.c.h; path = DropDownList.h; sourceTree = "<group>"; };
		0D6FC998152AF58400A77E44 /* DropDownList.m */ = {isa = PBXFileReference; fileEncoding = 4; lastKnownFileType = sourcecode.c.objc; path = DropDownList.m; sourceTree = "<group>"; };
		0D708A971515A77A007EA936 /* LoginViewController.h */ = {isa = PBXFileReference; fileEncoding = 4; lastKnownFileType = sourcecode.c.h; path = LoginViewController.h; sourceTree = "<group>"; };
		0D708A981515A77A007EA936 /* LoginViewController.m */ = {isa = PBXFileReference; fileEncoding = 4; lastKnownFileType = sourcecode.c.objc; path = LoginViewController.m; sourceTree = "<group>"; };
		0D708A991515A77A007EA936 /* LoginViewController.xib */ = {isa = PBXFileReference; fileEncoding = 4; lastKnownFileType = file.xib; path = LoginViewController.xib; sourceTree = "<group>"; };
		0D708A9C1515A78B007EA936 /* RegisterViewController.h */ = {isa = PBXFileReference; fileEncoding = 4; lastKnownFileType = sourcecode.c.h; path = RegisterViewController.h; sourceTree = "<group>"; };
		0D708A9D1515A78B007EA936 /* RegisterViewController.m */ = {isa = PBXFileReference; fileEncoding = 4; lastKnownFileType = sourcecode.c.objc; path = RegisterViewController.m; sourceTree = "<group>"; };
		0D708A9E1515A78B007EA936 /* RegisterViewController.xib */ = {isa = PBXFileReference; fileEncoding = 4; lastKnownFileType = file.xib; path = RegisterViewController.xib; sourceTree = "<group>"; };
		0D71235F1520C3E5006420C2 /* Constants.m */ = {isa = PBXFileReference; fileEncoding = 4; lastKnownFileType = sourcecode.c.objc; path = Constants.m; sourceTree = "<group>"; };
		0D7136DC152F1E5800AC115E /* HomePageNavVC.h */ = {isa = PBXFileReference; fileEncoding = 4; lastKnownFileType = sourcecode.c.h; path = HomePageNavVC.h; sourceTree = "<group>"; };
		0D7136DD152F1E5800AC115E /* HomePageNavVC.m */ = {isa = PBXFileReference; fileEncoding = 4; lastKnownFileType = sourcecode.c.objc; path = HomePageNavVC.m; sourceTree = "<group>"; };
		0D73A62D152C3AE70077666D /* CityListVC.h */ = {isa = PBXFileReference; fileEncoding = 4; lastKnownFileType = sourcecode.c.h; path = CityListVC.h; sourceTree = "<group>"; };
		0D73A62E152C3AE70077666D /* CityListVC.m */ = {isa = PBXFileReference; fileEncoding = 4; lastKnownFileType = sourcecode.c.objc; path = CityListVC.m; sourceTree = "<group>"; };
		0D73A62F152C3AE70077666D /* CityListVC.xib */ = {isa = PBXFileReference; fileEncoding = 4; lastKnownFileType = file.xib; path = CityListVC.xib; sourceTree = "<group>"; };
		0D743390151E5BAE009119A9 /* ASIAuthenticationDialog.h */ = {isa = PBXFileReference; fileEncoding = 4; lastKnownFileType = sourcecode.c.h; path = ASIAuthenticationDialog.h; sourceTree = "<group>"; };
		0D743391151E5BAE009119A9 /* ASIAuthenticationDialog.m */ = {isa = PBXFileReference; fileEncoding = 4; lastKnownFileType = sourcecode.c.objc; path = ASIAuthenticationDialog.m; sourceTree = "<group>"; };
		0D743392151E5BAE009119A9 /* ASICacheDelegate.h */ = {isa = PBXFileReference; fileEncoding = 4; lastKnownFileType = sourcecode.c.h; path = ASICacheDelegate.h; sourceTree = "<group>"; };
		0D743393151E5BAE009119A9 /* ASIDataCompressor.h */ = {isa = PBXFileReference; fileEncoding = 4; lastKnownFileType = sourcecode.c.h; path = ASIDataCompressor.h; sourceTree = "<group>"; };
		0D743394151E5BAE009119A9 /* ASIDataCompressor.m */ = {isa = PBXFileReference; fileEncoding = 4; lastKnownFileType = sourcecode.c.objc; path = ASIDataCompressor.m; sourceTree = "<group>"; };
		0D743395151E5BAE009119A9 /* ASIDataDecompressor.h */ = {isa = PBXFileReference; fileEncoding = 4; lastKnownFileType = sourcecode.c.h; path = ASIDataDecompressor.h; sourceTree = "<group>"; };
		0D743396151E5BAE009119A9 /* ASIDataDecompressor.m */ = {isa = PBXFileReference; fileEncoding = 4; lastKnownFileType = sourcecode.c.objc; path = ASIDataDecompressor.m; sourceTree = "<group>"; };
		0D743397151E5BAE009119A9 /* ASIDownloadCache.h */ = {isa = PBXFileReference; fileEncoding = 4; lastKnownFileType = sourcecode.c.h; path = ASIDownloadCache.h; sourceTree = "<group>"; };
		0D743398151E5BAE009119A9 /* ASIDownloadCache.m */ = {isa = PBXFileReference; fileEncoding = 4; lastKnownFileType = sourcecode.c.objc; path = ASIDownloadCache.m; sourceTree = "<group>"; };
		0D743399151E5BAE009119A9 /* ASIFormDataRequest.h */ = {isa = PBXFileReference; fileEncoding = 4; lastKnownFileType = sourcecode.c.h; path = ASIFormDataRequest.h; sourceTree = "<group>"; };
		0D74339A151E5BAE009119A9 /* ASIFormDataRequest.m */ = {isa = PBXFileReference; fileEncoding = 4; lastKnownFileType = sourcecode.c.objc; path = ASIFormDataRequest.m; sourceTree = "<group>"; };
		0D74339B151E5BAE009119A9 /* ASIHTTPRequest.h */ = {isa = PBXFileReference; fileEncoding = 4; lastKnownFileType = sourcecode.c.h; path = ASIHTTPRequest.h; sourceTree = "<group>"; };
		0D74339C151E5BAE009119A9 /* ASIHTTPRequest.m */ = {isa = PBXFileReference; fileEncoding = 4; lastKnownFileType = sourcecode.c.objc; path = ASIHTTPRequest.m; sourceTree = "<group>"; };
		0D74339D151E5BAE009119A9 /* ASIHTTPRequestConfig.h */ = {isa = PBXFileReference; fileEncoding = 4; lastKnownFileType = sourcecode.c.h; path = ASIHTTPRequestConfig.h; sourceTree = "<group>"; };
		0D74339E151E5BAE009119A9 /* ASIHTTPRequestDelegate.h */ = {isa = PBXFileReference; fileEncoding = 4; lastKnownFileType = sourcecode.c.h; path = ASIHTTPRequestDelegate.h; sourceTree = "<group>"; };
		0D74339F151E5BAE009119A9 /* ASIInputStream.h */ = {isa = PBXFileReference; fileEncoding = 4; lastKnownFileType = sourcecode.c.h; path = ASIInputStream.h; sourceTree = "<group>"; };
		0D7433A0151E5BAE009119A9 /* ASIInputStream.m */ = {isa = PBXFileReference; fileEncoding = 4; lastKnownFileType = sourcecode.c.objc; path = ASIInputStream.m; sourceTree = "<group>"; };
		0D7433A1151E5BAE009119A9 /* ASINetworkQueue.h */ = {isa = PBXFileReference; fileEncoding = 4; lastKnownFileType = sourcecode.c.h; path = ASINetworkQueue.h; sourceTree = "<group>"; };
		0D7433A2151E5BAE009119A9 /* ASINetworkQueue.m */ = {isa = PBXFileReference; fileEncoding = 4; lastKnownFileType = sourcecode.c.objc; path = ASINetworkQueue.m; sourceTree = "<group>"; };
		0D7433A3151E5BAE009119A9 /* ASIProgressDelegate.h */ = {isa = PBXFileReference; fileEncoding = 4; lastKnownFileType = sourcecode.c.h; path = ASIProgressDelegate.h; sourceTree = "<group>"; };
		0D7433E4151E5BAE009119A9 /* README-GHUnit */ = {isa = PBXFileReference; fileEncoding = 4; lastKnownFileType = text; path = "README-GHUnit"; sourceTree = "<group>"; };
		0D7433E6151E5BAE009119A9 /* Reachability.h */ = {isa = PBXFileReference; fileEncoding = 4; lastKnownFileType = sourcecode.c.h; path = Reachability.h; sourceTree = "<group>"; };
		0D7433E7151E5BAE009119A9 /* Reachability.m */ = {isa = PBXFileReference; fileEncoding = 4; lastKnownFileType = sourcecode.c.objc; path = Reachability.m; sourceTree = "<group>"; };
		0D74340F151E5C60009119A9 /* SystemConfiguration.framework */ = {isa = PBXFileReference; lastKnownFileType = wrapper.framework; name = SystemConfiguration.framework; path = System/Library/Frameworks/SystemConfiguration.framework; sourceTree = SDKROOT; };
		0D743411151E5C66009119A9 /* MobileCoreServices.framework */ = {isa = PBXFileReference; lastKnownFileType = wrapper.framework; name = MobileCoreServices.framework; path = System/Library/Frameworks/MobileCoreServices.framework; sourceTree = SDKROOT; };
		0D743413151E5C70009119A9 /* libz.1.2.5.dylib */ = {isa = PBXFileReference; lastKnownFileType = "compiled.mach-o.dylib"; name = libz.1.2.5.dylib; path = usr/lib/libz.1.2.5.dylib; sourceTree = SDKROOT; };
		0D743415151E5C78009119A9 /* libxml2.2.7.3.dylib */ = {isa = PBXFileReference; lastKnownFileType = "compiled.mach-o.dylib"; name = libxml2.2.7.3.dylib; path = usr/lib/libxml2.2.7.3.dylib; sourceTree = SDKROOT; };
		0D743418151E5CB6009119A9 /* ASIWebPageRequest.h */ = {isa = PBXFileReference; fileEncoding = 4; lastKnownFileType = sourcecode.c.h; path = ASIWebPageRequest.h; sourceTree = "<group>"; };
		0D743419151E5CB6009119A9 /* ASIWebPageRequest.m */ = {isa = PBXFileReference; fileEncoding = 4; lastKnownFileType = sourcecode.c.objc; path = ASIWebPageRequest.m; sourceTree = "<group>"; };
		0D74341B151E5CB6009119A9 /* ASICloudFilesCDNRequest.h */ = {isa = PBXFileReference; fileEncoding = 4; lastKnownFileType = sourcecode.c.h; path = ASICloudFilesCDNRequest.h; sourceTree = "<group>"; };
		0D74341C151E5CB6009119A9 /* ASICloudFilesCDNRequest.m */ = {isa = PBXFileReference; fileEncoding = 4; lastKnownFileType = sourcecode.c.objc; path = ASICloudFilesCDNRequest.m; sourceTree = "<group>"; };
		0D74341D151E5CB6009119A9 /* ASICloudFilesContainer.h */ = {isa = PBXFileReference; fileEncoding = 4; lastKnownFileType = sourcecode.c.h; path = ASICloudFilesContainer.h; sourceTree = "<group>"; };
		0D74341E151E5CB6009119A9 /* ASICloudFilesContainer.m */ = {isa = PBXFileReference; fileEncoding = 4; lastKnownFileType = sourcecode.c.objc; path = ASICloudFilesContainer.m; sourceTree = "<group>"; };
		0D74341F151E5CB6009119A9 /* ASICloudFilesContainerRequest.h */ = {isa = PBXFileReference; fileEncoding = 4; lastKnownFileType = sourcecode.c.h; path = ASICloudFilesContainerRequest.h; sourceTree = "<group>"; };
		0D743420151E5CB6009119A9 /* ASICloudFilesContainerRequest.m */ = {isa = PBXFileReference; fileEncoding = 4; lastKnownFileType = sourcecode.c.objc; path = ASICloudFilesContainerRequest.m; sourceTree = "<group>"; };
		0D743421151E5CB6009119A9 /* ASICloudFilesContainerXMLParserDelegate.h */ = {isa = PBXFileReference; fileEncoding = 4; lastKnownFileType = sourcecode.c.h; path = ASICloudFilesContainerXMLParserDelegate.h; sourceTree = "<group>"; };
		0D743422151E5CB6009119A9 /* ASICloudFilesContainerXMLParserDelegate.m */ = {isa = PBXFileReference; fileEncoding = 4; lastKnownFileType = sourcecode.c.objc; path = ASICloudFilesContainerXMLParserDelegate.m; sourceTree = "<group>"; };
		0D743423151E5CB6009119A9 /* ASICloudFilesObject.h */ = {isa = PBXFileReference; fileEncoding = 4; lastKnownFileType = sourcecode.c.h; path = ASICloudFilesObject.h; sourceTree = "<group>"; };
		0D743424151E5CB6009119A9 /* ASICloudFilesObject.m */ = {isa = PBXFileReference; fileEncoding = 4; lastKnownFileType = sourcecode.c.objc; path = ASICloudFilesObject.m; sourceTree = "<group>"; };
		0D743425151E5CB6009119A9 /* ASICloudFilesObjectRequest.h */ = {isa = PBXFileReference; fileEncoding = 4; lastKnownFileType = sourcecode.c.h; path = ASICloudFilesObjectRequest.h; sourceTree = "<group>"; };
		0D743426151E5CB6009119A9 /* ASICloudFilesObjectRequest.m */ = {isa = PBXFileReference; fileEncoding = 4; lastKnownFileType = sourcecode.c.objc; path = ASICloudFilesObjectRequest.m; sourceTree = "<group>"; };
		0D743427151E5CB6009119A9 /* ASICloudFilesRequest.h */ = {isa = PBXFileReference; fileEncoding = 4; lastKnownFileType = sourcecode.c.h; path = ASICloudFilesRequest.h; sourceTree = "<group>"; };
		0D743428151E5CB6009119A9 /* ASICloudFilesRequest.m */ = {isa = PBXFileReference; fileEncoding = 4; lastKnownFileType = sourcecode.c.objc; path = ASICloudFilesRequest.m; sourceTree = "<group>"; };
		0D74342A151E5CB6009119A9 /* ASINSXMLParserCompat.h */ = {isa = PBXFileReference; fileEncoding = 4; lastKnownFileType = sourcecode.c.h; path = ASINSXMLParserCompat.h; sourceTree = "<group>"; };
		0D74342B151E5CB6009119A9 /* ASIS3Bucket.h */ = {isa = PBXFileReference; fileEncoding = 4; lastKnownFileType = sourcecode.c.h; path = ASIS3Bucket.h; sourceTree = "<group>"; };
		0D74342C151E5CB6009119A9 /* ASIS3Bucket.m */ = {isa = PBXFileReference; fileEncoding = 4; lastKnownFileType = sourcecode.c.objc; path = ASIS3Bucket.m; sourceTree = "<group>"; };
		0D74342D151E5CB6009119A9 /* ASIS3BucketObject.h */ = {isa = PBXFileReference; fileEncoding = 4; lastKnownFileType = sourcecode.c.h; path = ASIS3BucketObject.h; sourceTree = "<group>"; };
		0D74342E151E5CB6009119A9 /* ASIS3BucketObject.m */ = {isa = PBXFileReference; fileEncoding = 4; lastKnownFileType = sourcecode.c.objc; path = ASIS3BucketObject.m; sourceTree = "<group>"; };
		0D74342F151E5CB6009119A9 /* ASIS3BucketRequest.h */ = {isa = PBXFileReference; fileEncoding = 4; lastKnownFileType = sourcecode.c.h; path = ASIS3BucketRequest.h; sourceTree = "<group>"; };
		0D743430151E5CB6009119A9 /* ASIS3BucketRequest.m */ = {isa = PBXFileReference; fileEncoding = 4; lastKnownFileType = sourcecode.c.objc; path = ASIS3BucketRequest.m; sourceTree = "<group>"; };
		0D743431151E5CB6009119A9 /* ASIS3ObjectRequest.h */ = {isa = PBXFileReference; fileEncoding = 4; lastKnownFileType = sourcecode.c.h; path = ASIS3ObjectRequest.h; sourceTree = "<group>"; };
		0D743432151E5CB6009119A9 /* ASIS3ObjectRequest.m */ = {isa = PBXFileReference; fileEncoding = 4; lastKnownFileType = sourcecode.c.objc; path = ASIS3ObjectRequest.m; sourceTree = "<group>"; };
		0D743433151E5CB6009119A9 /* ASIS3Request.h */ = {isa = PBXFileReference; fileEncoding = 4; lastKnownFileType = sourcecode.c.h; path = ASIS3Request.h; sourceTree = "<group>"; };
		0D743434151E5CB6009119A9 /* ASIS3Request.m */ = {isa = PBXFileReference; fileEncoding = 4; lastKnownFileType = sourcecode.c.objc; path = ASIS3Request.m; sourceTree = "<group>"; };
		0D743435151E5CB6009119A9 /* ASIS3ServiceRequest.h */ = {isa = PBXFileReference; fileEncoding = 4; lastKnownFileType = sourcecode.c.h; path = ASIS3ServiceRequest.h; sourceTree = "<group>"; };
		0D743436151E5CB6009119A9 /* ASIS3ServiceRequest.m */ = {isa = PBXFileReference; fileEncoding = 4; lastKnownFileType = sourcecode.c.objc; path = ASIS3ServiceRequest.m; sourceTree = "<group>"; };
		0D743445151E5DA3009119A9 /* CFNetwork.framework */ = {isa = PBXFileReference; lastKnownFileType = wrapper.framework; name = CFNetwork.framework; path = System/Library/Frameworks/CFNetwork.framework; sourceTree = SDKROOT; };
		0D74B991152DEE510063E9B0 /* cities.plist */ = {isa = PBXFileReference; fileEncoding = 4; lastKnownFileType = text.plist.xml; path = cities.plist; sourceTree = "<group>"; };
		0D9A9A17152F367000D62421 /* rbDown.png */ = {isa = PBXFileReference; lastKnownFileType = image.png; path = rbDown.png; sourceTree = "<group>"; };
		0D9A9A19152F367000D62421 /* rbNormal.png */ = {isa = PBXFileReference; lastKnownFileType = image.png; path = rbNormal.png; sourceTree = "<group>"; };
		0DB6928815277BBD00FD7F98 /* DoctorDetailVC.h */ = {isa = PBXFileReference; fileEncoding = 4; lastKnownFileType = sourcecode.c.h; path = DoctorDetailVC.h; sourceTree = "<group>"; };
		0DB6928915277BBD00FD7F98 /* DoctorDetailVC.m */ = {isa = PBXFileReference; fileEncoding = 4; lastKnownFileType = sourcecode.c.objc; path = DoctorDetailVC.m; sourceTree = "<group>"; };
		0DB6928A15277BBD00FD7F98 /* DoctorDetailVC.xib */ = {isa = PBXFileReference; fileEncoding = 4; lastKnownFileType = file.xib; path = DoctorDetailVC.xib; sourceTree = "<group>"; };
		0DECF5CF150C94EB00824D1C /* huatuo360.app */ = {isa = PBXFileReference; explicitFileType = wrapper.application; includeInIndex = 0; path = huatuo360.app; sourceTree = BUILT_PRODUCTS_DIR; };
		0DECF5D3150C94EB00824D1C /* UIKit.framework */ = {isa = PBXFileReference; lastKnownFileType = wrapper.framework; name = UIKit.framework; path = System/Library/Frameworks/UIKit.framework; sourceTree = SDKROOT; };
		0DECF5D5150C94EB00824D1C /* Foundation.framework */ = {isa = PBXFileReference; lastKnownFileType = wrapper.framework; name = Foundation.framework; path = System/Library/Frameworks/Foundation.framework; sourceTree = SDKROOT; };
		0DECF5D7150C94EB00824D1C /* CoreGraphics.framework */ = {isa = PBXFileReference; lastKnownFileType = wrapper.framework; name = CoreGraphics.framework; path = System/Library/Frameworks/CoreGraphics.framework; sourceTree = SDKROOT; };
		0DECF5DB150C94EB00824D1C /* huatuo360-Info.plist */ = {isa = PBXFileReference; lastKnownFileType = text.plist.xml; path = "huatuo360-Info.plist"; sourceTree = "<group>"; };
		0DECF5DD150C94EB00824D1C /* en */ = {isa = PBXFileReference; lastKnownFileType = text.plist.strings; name = en; path = en.lproj/InfoPlist.strings; sourceTree = "<group>"; };
		0DECF5DF150C94EB00824D1C /* main.m */ = {isa = PBXFileReference; lastKnownFileType = sourcecode.c.objc; path = main.m; sourceTree = "<group>"; };
		0DECF5E1150C94EB00824D1C /* huatuo360-Prefix.pch */ = {isa = PBXFileReference; lastKnownFileType = sourcecode.c.h; path = "huatuo360-Prefix.pch"; sourceTree = "<group>"; };
		0DECF5E2150C94EB00824D1C /* AppDelegate.h */ = {isa = PBXFileReference; lastKnownFileType = sourcecode.c.h; path = AppDelegate.h; sourceTree = "<group>"; };
		0DECF5E3150C94EB00824D1C /* AppDelegate.m */ = {isa = PBXFileReference; lastKnownFileType = sourcecode.c.objc; path = AppDelegate.m; sourceTree = "<group>"; };
		0DECF631150C9CAB00824D1C /* homepage.png */ = {isa = PBXFileReference; lastKnownFileType = image.png; path = homepage.png; sourceTree = "<group>"; };
		0DECF632150C9CAB00824D1C /* homepage@2x.png */ = {isa = PBXFileReference; lastKnownFileType = image.png; path = "homepage@2x.png"; sourceTree = "<group>"; };
		0DECF633150C9CAB00824D1C /* info.png */ = {isa = PBXFileReference; lastKnownFileType = image.png; path = info.png; sourceTree = "<group>"; };
		0DECF634150C9CAB00824D1C /* info@2x.png */ = {isa = PBXFileReference; lastKnownFileType = image.png; path = "info@2x.png"; sourceTree = "<group>"; };
		0DECF64E150C9D0F00824D1C /* HomepageViewController.h */ = {isa = PBXFileReference; fileEncoding = 4; lastKnownFileType = sourcecode.c.h; path = HomepageViewController.h; sourceTree = "<group>"; };
		0DECF64F150C9D0F00824D1C /* HomepageViewController.m */ = {isa = PBXFileReference; fileEncoding = 4; lastKnownFileType = sourcecode.c.objc; path = HomepageViewController.m; sourceTree = "<group>"; };
		0DECF650150C9D0F00824D1C /* HomepageViewController.xib */ = {isa = PBXFileReference; fileEncoding = 4; lastKnownFileType = file.xib; path = HomepageViewController.xib; sourceTree = "<group>"; };
		0DECF653150C9D2400824D1C /* InfoNavViewController.h */ = {isa = PBXFileReference; fileEncoding = 4; lastKnownFileType = sourcecode.c.h; path = InfoNavViewController.h; sourceTree = "<group>"; };
		0DECF654150C9D2400824D1C /* InfoNavViewController.m */ = {isa = PBXFileReference; fileEncoding = 4; lastKnownFileType = sourcecode.c.objc; path = InfoNavViewController.m; sourceTree = "<group>"; };
		0DECF658150C9E5F00824D1C /* MoreViewController.h */ = {isa = PBXFileReference; fileEncoding = 4; lastKnownFileType = sourcecode.c.h; path = MoreViewController.h; sourceTree = "<group>"; };
		0DECF659150C9E5F00824D1C /* MoreViewController.m */ = {isa = PBXFileReference; fileEncoding = 4; lastKnownFileType = sourcecode.c.objc; path = MoreViewController.m; sourceTree = "<group>"; };
		0DECF65A150C9E5F00824D1C /* MoreViewController.xib */ = {isa = PBXFileReference; fileEncoding = 4; lastKnownFileType = file.xib; path = MoreViewController.xib; sourceTree = "<group>"; };
		0DECF65D150C9E7000824D1C /* UserNavViewController.h */ = {isa = PBXFileReference; fileEncoding = 4; lastKnownFileType = sourcecode.c.h; path = UserNavViewController.h; sourceTree = "<group>"; };
		0DECF65E150C9E7000824D1C /* UserNavViewController.m */ = {isa = PBXFileReference; fileEncoding = 4; lastKnownFileType = sourcecode.c.objc; path = UserNavViewController.m; sourceTree = "<group>"; };
		0DECF662150C9F2300824D1C /* more.png */ = {isa = PBXFileReference; lastKnownFileType = image.png; path = more.png; sourceTree = "<group>"; };
		0DECF663150C9F2300824D1C /* more@2x.png */ = {isa = PBXFileReference; lastKnownFileType = image.png; path = "more@2x.png"; sourceTree = "<group>"; };
		0DECF664150C9F2300824D1C /* user.png */ = {isa = PBXFileReference; lastKnownFileType = image.png; path = user.png; sourceTree = "<group>"; };
		0DECF665150C9F2300824D1C /* user@2x.png */ = {isa = PBXFileReference; lastKnownFileType = image.png; path = "user@2x.png"; sourceTree = "<group>"; };
		0DF27B33153089F700D9103E /* MBProgressHUD.h */ = {isa = PBXFileReference; fileEncoding = 4; lastKnownFileType = sourcecode.c.h; path = MBProgressHUD.h; sourceTree = "<group>"; };
		0DF27B34153089F700D9103E /* MBProgressHUD.m */ = {isa = PBXFileReference; fileEncoding = 4; lastKnownFileType = sourcecode.c.objc; path = MBProgressHUD.m; sourceTree = "<group>"; };
		0DF27B4C15308CBF00D9103E /* HUDManger.h */ = {isa = PBXFileReference; fileEncoding = 4; lastKnownFileType = sourcecode.c.h; path = HUDManger.h; sourceTree = "<group>"; };
		0DF27B4D15308CBF00D9103E /* HUDManger.m */ = {isa = PBXFileReference; fileEncoding = 4; lastKnownFileType = sourcecode.c.objc; path = HUDManger.m; sourceTree = "<group>"; };
		B72CCE811538A099000DA066 /* AlterPwdViewController.h */ = {isa = PBXFileReference; fileEncoding = 4; lastKnownFileType = sourcecode.c.h; path = AlterPwdViewController.h; sourceTree = "<group>"; };
		B72CCE821538A099000DA066 /* AlterPwdViewController.m */ = {isa = PBXFileReference; fileEncoding = 4; lastKnownFileType = sourcecode.c.objc; path = AlterPwdViewController.m; sourceTree = "<group>"; };
		B72CCE831538A099000DA066 /* AlterPwdViewController.xib */ = {isa = PBXFileReference; fileEncoding = 4; lastKnownFileType = file.xib; path = AlterPwdViewController.xib; sourceTree = "<group>"; };
		B72CCE871538A0B3000DA066 /* UserInfoViewController.h */ = {isa = PBXFileReference; fileEncoding = 4; lastKnownFileType = sourcecode.c.h; path = UserInfoViewController.h; sourceTree = "<group>"; };
		B72CCE881538A0B3000DA066 /* UserInfoViewController.m */ = {isa = PBXFileReference; fileEncoding = 4; lastKnownFileType = sourcecode.c.objc; path = UserInfoViewController.m; sourceTree = "<group>"; };
		B72CCE891538A0B3000DA066 /* UserInfoViewController.xib */ = {isa = PBXFileReference; fileEncoding = 4; lastKnownFileType = file.xib; path = UserInfoViewController.xib; sourceTree = "<group>"; };
		B77C554C151EF660009F0613 /* AsiObjectManager.h */ = {isa = PBXFileReference; fileEncoding = 4; lastKnownFileType = sourcecode.c.h; path = AsiObjectManager.h; sourceTree = "<group>"; };
		B77C554D151EF660009F0613 /* AsiObjectManager.m */ = {isa = PBXFileReference; fileEncoding = 4; lastKnownFileType = sourcecode.c.objc; path = AsiObjectManager.m; sourceTree = "<group>"; };
		B77C554F151EF6CB009F0613 /* Constants.h */ = {isa = PBXFileReference; fileEncoding = 4; lastKnownFileType = sourcecode.c.h; path = Constants.h; sourceTree = "<group>"; };
		B77CD72415260DFA00D238CD /* FixListViewController.h */ = {isa = PBXFileReference; fileEncoding = 4; lastKnownFileType = sourcecode.c.h; path = FixListViewController.h; sourceTree = "<group>"; };
		B77CD72515260DFA00D238CD /* FixListViewController.m */ = {isa = PBXFileReference; fileEncoding = 4; lastKnownFileType = sourcecode.c.objc; path = FixListViewController.m; sourceTree = "<group>"; };
		B782F10F153DBB19005A05BC /* CheckCodeViewController.h */ = {isa = PBXFileReference; fileEncoding = 4; lastKnownFileType = sourcecode.c.h; path = CheckCodeViewController.h; sourceTree = "<group>"; };
		B782F110153DBB19005A05BC /* CheckCodeViewController.m */ = {isa = PBXFileReference; fileEncoding = 4; lastKnownFileType = sourcecode.c.objc; path = CheckCodeViewController.m; sourceTree = "<group>"; };
		B782F111153DBB19005A05BC /* CheckCodeViewController.xib */ = {isa = PBXFileReference; fileEncoding = 4; lastKnownFileType = file.xib; path = CheckCodeViewController.xib; sourceTree = "<group>"; };
		B782F115153DBB34005A05BC /* ResetPwdViewController.h */ = {isa = PBXFileReference; fileEncoding = 4; lastKnownFileType = sourcecode.c.h; path = ResetPwdViewController.h; sourceTree = "<group>"; };
		B782F116153DBB34005A05BC /* ResetPwdViewController.m */ = {isa = PBXFileReference; fileEncoding = 4; lastKnownFileType = sourcecode.c.objc; path = ResetPwdViewController.m; sourceTree = "<group>"; };
		B782F117153DBB34005A05BC /* ResetPwdViewController.xib */ = {isa = PBXFileReference; fileEncoding = 4; lastKnownFileType = file.xib; path = ResetPwdViewController.xib; sourceTree = "<group>"; };
		B7832F321541999D007F0FDD /* AlertViewManager.h */ = {isa = PBXFileReference; fileEncoding = 4; lastKnownFileType = sourcecode.c.h; path = AlertViewManager.h; sourceTree = "<group>"; };
		B7832F331541999D007F0FDD /* AlertViewManager.m */ = {isa = PBXFileReference; fileEncoding = 4; lastKnownFileType = sourcecode.c.objc; path = AlertViewManager.m; sourceTree = "<group>"; };
		B783B449152373740089AAFD /* DepartmentListViewController.h */ = {isa = PBXFileReference; fileEncoding = 4; lastKnownFileType = sourcecode.c.h; path = DepartmentListViewController.h; sourceTree = "<group>"; };
		B783B44A152373750089AAFD /* DepartmentListViewController.m */ = {isa = PBXFileReference; fileEncoding = 4; lastKnownFileType = sourcecode.c.objc; path = DepartmentListViewController.m; sourceTree = "<group>"; };
		B783B457152375A30089AAFD /* CommentListViewController.h */ = {isa = PBXFileReference; fileEncoding = 4; lastKnownFileType = sourcecode.c.h; path = CommentListViewController.h; sourceTree = "<group>"; };
		B783B458152375A40089AAFD /* CommentListViewController.m */ = {isa = PBXFileReference; fileEncoding = 4; lastKnownFileType = sourcecode.c.objc; path = CommentListViewController.m; sourceTree = "<group>"; };
		B783B45A152375CE0089AAFD /* DiseaseListViewController.h */ = {isa = PBXFileReference; fileEncoding = 4; lastKnownFileType = sourcecode.c.h; path = DiseaseListViewController.h; sourceTree = "<group>"; };
		B783B45B152375CE0089AAFD /* DiseaseListViewController.m */ = {isa = PBXFileReference; fileEncoding = 4; lastKnownFileType = sourcecode.c.objc; path = DiseaseListViewController.m; sourceTree = "<group>"; };
		B783C60A152F39B000678CA9 /* data.plist */ = {isa = PBXFileReference; fileEncoding = 4; lastKnownFileType = text.plist.xml; path = data.plist; sourceTree = "<group>"; };
		B78500E7152C2F4500FDB045 /* HospitalDetailVC.h */ = {isa = PBXFileReference; fileEncoding = 4; lastKnownFileType = sourcecode.c.h; path = HospitalDetailVC.h; sourceTree = "<group>"; };
		B78500E8152C2F4500FDB045 /* HospitalDetailVC.m */ = {isa = PBXFileReference; fileEncoding = 4; lastKnownFileType = sourcecode.c.objc; path = HospitalDetailVC.m; sourceTree = "<group>"; };
		B78500E9152C2F4500FDB045 /* HospitalDetailVC.xib */ = {isa = PBXFileReference; fileEncoding = 4; lastKnownFileType = file.xib; path = HospitalDetailVC.xib; sourceTree = "<group>"; };
/* End PBXFileReference section */

/* Begin PBXFrameworksBuildPhase section */
		0DECF5CC150C94EB00824D1C /* Frameworks */ = {
			isa = PBXFrameworksBuildPhase;
			buildActionMask = 2147483647;
			files = (
				0D743446151E5DA3009119A9 /* CFNetwork.framework in Frameworks */,
				0D743416151E5C78009119A9 /* libxml2.2.7.3.dylib in Frameworks */,
				0D743414151E5C70009119A9 /* libz.1.2.5.dylib in Frameworks */,
				0D743412151E5C66009119A9 /* MobileCoreServices.framework in Frameworks */,
				0D743410151E5C60009119A9 /* SystemConfiguration.framework in Frameworks */,
				0D6DDCD7150FAE2F001BD397 /* QuartzCore.framework in Frameworks */,
				0DECF5D4150C94EB00824D1C /* UIKit.framework in Frameworks */,
				0DECF5D6150C94EB00824D1C /* Foundation.framework in Frameworks */,
				0DECF5D8150C94EB00824D1C /* CoreGraphics.framework in Frameworks */,
			);
			runOnlyForDeploymentPostprocessing = 0;
		};
/* End PBXFrameworksBuildPhase section */

/* Begin PBXGroup section */
		0D06CAB6152F3F4600FA35FE /* comment */ = {
			isa = PBXGroup;
			children = (
				0D06CAB7152F3F5D00FA35FE /* CommentViewController.h */,
				0D06CAB8152F3F5D00FA35FE /* CommentViewController.m */,
				0D06CAB9152F3F5D00FA35FE /* CommentViewController.xib */,
			);
			path = comment;
			sourceTree = "<group>";
		};
		0D6FA651151F5EE800DC57B5 /* SBJson */ = {
			isa = PBXGroup;
			children = (
				0D6FA652151F5EE800DC57B5 /* Classes */,
			);
			path = SBJson;
			sourceTree = "<group>";
		};
		0D6FA652151F5EE800DC57B5 /* Classes */ = {
			isa = PBXGroup;
			children = (
				0D6FA653151F5EE800DC57B5 /* JSON.h */,
				0D6FA654151F5EE800DC57B5 /* NSObject+SBJson.h */,
				0D6FA655151F5EE800DC57B5 /* NSObject+SBJson.m */,
				0D6FA656151F5EE800DC57B5 /* SBJson.h */,
				0D6FA657151F5EE800DC57B5 /* SBJsonParser.h */,
				0D6FA658151F5EE800DC57B5 /* SBJsonParser.m */,
				0D6FA659151F5EE800DC57B5 /* SBJsonStreamParser.h */,
				0D6FA65A151F5EE800DC57B5 /* SBJsonStreamParser.m */,
				0D6FA65B151F5EE800DC57B5 /* SBJsonStreamParserAccumulator.h */,
				0D6FA65C151F5EE800DC57B5 /* SBJsonStreamParserAccumulator.m */,
				0D6FA65D151F5EE800DC57B5 /* SBJsonStreamParserAdapter.h */,
				0D6FA65E151F5EE800DC57B5 /* SBJsonStreamParserAdapter.m */,
				0D6FA65F151F5EE800DC57B5 /* SBJsonStreamParserState.h */,
				0D6FA660151F5EE800DC57B5 /* SBJsonStreamParserState.m */,
				0D6FA661151F5EE800DC57B5 /* SBJsonStreamWriter.h */,
				0D6FA662151F5EE800DC57B5 /* SBJsonStreamWriter.m */,
				0D6FA663151F5EE800DC57B5 /* SBJsonStreamWriterAccumulator.h */,
				0D6FA664151F5EE800DC57B5 /* SBJsonStreamWriterAccumulator.m */,
				0D6FA665151F5EE800DC57B5 /* SBJsonStreamWriterState.h */,
				0D6FA666151F5EE800DC57B5 /* SBJsonStreamWriterState.m */,
				0D6FA667151F5EE800DC57B5 /* SBJsonTokeniser.h */,
				0D6FA668151F5EE800DC57B5 /* SBJsonTokeniser.m */,
				0D6FA669151F5EE800DC57B5 /* SBJsonUTF8Stream.h */,
				0D6FA66A151F5EE800DC57B5 /* SBJsonUTF8Stream.m */,
				0D6FA66B151F5EE800DC57B5 /* SBJsonWriter.h */,
				0D6FA66C151F5EE800DC57B5 /* SBJsonWriter.m */,
			);
			path = Classes;
			sourceTree = "<group>";
		};
		0D74338E151E5BAE009119A9 /* ASI */ = {
			isa = PBXGroup;
			children = (
				B77C554D151EF660009F0613 /* AsiObjectManager.m */,
				B77C554C151EF660009F0613 /* AsiObjectManager.h */,
				0D74338F151E5BAE009119A9 /* Classes */,
				0D7433E2151E5BAE009119A9 /* External */,
			);
			path = ASI;
			sourceTree = "<group>";
		};
		0D74338F151E5BAE009119A9 /* Classes */ = {
			isa = PBXGroup;
			children = (
				0D743417151E5CB6009119A9 /* ASIWebPageRequest */,
				0D74341A151E5CB6009119A9 /* CloudFiles */,
				0D743429151E5CB6009119A9 /* S3 */,
				0D743390151E5BAE009119A9 /* ASIAuthenticationDialog.h */,
				0D743391151E5BAE009119A9 /* ASIAuthenticationDialog.m */,
				0D743392151E5BAE009119A9 /* ASICacheDelegate.h */,
				0D743393151E5BAE009119A9 /* ASIDataCompressor.h */,
				0D743394151E5BAE009119A9 /* ASIDataCompressor.m */,
				0D743395151E5BAE009119A9 /* ASIDataDecompressor.h */,
				0D743396151E5BAE009119A9 /* ASIDataDecompressor.m */,
				0D743397151E5BAE009119A9 /* ASIDownloadCache.h */,
				0D743398151E5BAE009119A9 /* ASIDownloadCache.m */,
				0D743399151E5BAE009119A9 /* ASIFormDataRequest.h */,
				0D74339A151E5BAE009119A9 /* ASIFormDataRequest.m */,
				0D74339B151E5BAE009119A9 /* ASIHTTPRequest.h */,
				0D74339C151E5BAE009119A9 /* ASIHTTPRequest.m */,
				0D74339D151E5BAE009119A9 /* ASIHTTPRequestConfig.h */,
				0D74339E151E5BAE009119A9 /* ASIHTTPRequestDelegate.h */,
				0D74339F151E5BAE009119A9 /* ASIInputStream.h */,
				0D7433A0151E5BAE009119A9 /* ASIInputStream.m */,
				0D7433A1151E5BAE009119A9 /* ASINetworkQueue.h */,
				0D7433A2151E5BAE009119A9 /* ASINetworkQueue.m */,
				0D7433A3151E5BAE009119A9 /* ASIProgressDelegate.h */,
			);
			path = Classes;
			sourceTree = "<group>";
		};
		0D7433E2151E5BAE009119A9 /* External */ = {
			isa = PBXGroup;
			children = (
				0D7433E3151E5BAE009119A9 /* GHUnit */,
				0D7433E5151E5BAE009119A9 /* Reachability */,
			);
			path = External;
			sourceTree = "<group>";
		};
		0D7433E3151E5BAE009119A9 /* GHUnit */ = {
			isa = PBXGroup;
			children = (
				0D7433E4151E5BAE009119A9 /* README-GHUnit */,
			);
			path = GHUnit;
			sourceTree = "<group>";
		};
		0D7433E5151E5BAE009119A9 /* Reachability */ = {
			isa = PBXGroup;
			children = (
				0D7433E6151E5BAE009119A9 /* Reachability.h */,
				0D7433E7151E5BAE009119A9 /* Reachability.m */,
			);
			path = Reachability;
			sourceTree = "<group>";
		};
		0D743417151E5CB6009119A9 /* ASIWebPageRequest */ = {
			isa = PBXGroup;
			children = (
				0D743418151E5CB6009119A9 /* ASIWebPageRequest.h */,
				0D743419151E5CB6009119A9 /* ASIWebPageRequest.m */,
			);
			path = ASIWebPageRequest;
			sourceTree = "<group>";
		};
		0D74341A151E5CB6009119A9 /* CloudFiles */ = {
			isa = PBXGroup;
			children = (
				0D74341B151E5CB6009119A9 /* ASICloudFilesCDNRequest.h */,
				0D74341C151E5CB6009119A9 /* ASICloudFilesCDNRequest.m */,
				0D74341D151E5CB6009119A9 /* ASICloudFilesContainer.h */,
				0D74341E151E5CB6009119A9 /* ASICloudFilesContainer.m */,
				0D74341F151E5CB6009119A9 /* ASICloudFilesContainerRequest.h */,
				0D743420151E5CB6009119A9 /* ASICloudFilesContainerRequest.m */,
				0D743421151E5CB6009119A9 /* ASICloudFilesContainerXMLParserDelegate.h */,
				0D743422151E5CB6009119A9 /* ASICloudFilesContainerXMLParserDelegate.m */,
				0D743423151E5CB6009119A9 /* ASICloudFilesObject.h */,
				0D743424151E5CB6009119A9 /* ASICloudFilesObject.m */,
				0D743425151E5CB6009119A9 /* ASICloudFilesObjectRequest.h */,
				0D743426151E5CB6009119A9 /* ASICloudFilesObjectRequest.m */,
				0D743427151E5CB6009119A9 /* ASICloudFilesRequest.h */,
				0D743428151E5CB6009119A9 /* ASICloudFilesRequest.m */,
			);
			path = CloudFiles;
			sourceTree = "<group>";
		};
		0D743429151E5CB6009119A9 /* S3 */ = {
			isa = PBXGroup;
			children = (
				0D74342A151E5CB6009119A9 /* ASINSXMLParserCompat.h */,
				0D74342B151E5CB6009119A9 /* ASIS3Bucket.h */,
				0D74342C151E5CB6009119A9 /* ASIS3Bucket.m */,
				0D74342D151E5CB6009119A9 /* ASIS3BucketObject.h */,
				0D74342E151E5CB6009119A9 /* ASIS3BucketObject.m */,
				0D74342F151E5CB6009119A9 /* ASIS3BucketRequest.h */,
				0D743430151E5CB6009119A9 /* ASIS3BucketRequest.m */,
				0D743431151E5CB6009119A9 /* ASIS3ObjectRequest.h */,
				0D743432151E5CB6009119A9 /* ASIS3ObjectRequest.m */,
				0D743433151E5CB6009119A9 /* ASIS3Request.h */,
				0D743434151E5CB6009119A9 /* ASIS3Request.m */,
				0D743435151E5CB6009119A9 /* ASIS3ServiceRequest.h */,
				0D743436151E5CB6009119A9 /* ASIS3ServiceRequest.m */,
			);
			path = S3;
			sourceTree = "<group>";
		};
		0DECF5C4150C94EB00824D1C = {
			isa = PBXGroup;
			children = (
				0D743445151E5DA3009119A9 /* CFNetwork.framework */,
				0DECF5D9150C94EB00824D1C /* huatuo360 */,
				0DECF5D2150C94EB00824D1C /* Frameworks */,
				0DECF5D0150C94EB00824D1C /* Products */,
			);
			sourceTree = "<group>";
		};
		0DECF5D0150C94EB00824D1C /* Products */ = {
			isa = PBXGroup;
			children = (
				0DECF5CF150C94EB00824D1C /* huatuo360.app */,
			);
			name = Products;
			sourceTree = "<group>";
		};
		0DECF5D2150C94EB00824D1C /* Frameworks */ = {
			isa = PBXGroup;
			children = (
				0D743415151E5C78009119A9 /* libxml2.2.7.3.dylib */,
				0D743413151E5C70009119A9 /* libz.1.2.5.dylib */,
				0D743411151E5C66009119A9 /* MobileCoreServices.framework */,
				0D74340F151E5C60009119A9 /* SystemConfiguration.framework */,
				0D6DDCD6150FAE2F001BD397 /* QuartzCore.framework */,
				0DECF5D3150C94EB00824D1C /* UIKit.framework */,
				0DECF5D5150C94EB00824D1C /* Foundation.framework */,
				0DECF5D7150C94EB00824D1C /* CoreGraphics.framework */,
			);
			name = Frameworks;
			sourceTree = "<group>";
		};
		0DECF5D9150C94EB00824D1C /* huatuo360 */ = {
			isa = PBXGroup;
			children = (
				0DF27B32153089F700D9103E /* Utility */,
				0D6F25B1152773B5001A3A92 /* Entitlement.plist */,
				0D6FA651151F5EE800DC57B5 /* SBJson */,
				B77C554F151EF6CB009F0613 /* Constants.h */,
				0D71235F1520C3E5006420C2 /* Constants.m */,
				0D74338E151E5BAE009119A9 /* ASI */,
				0DECF645150C9CEB00824D1C /* Views */,
				0DECF630150C9CAB00824D1C /* Resources */,
				0DECF5E2150C94EB00824D1C /* AppDelegate.h */,
				0DECF5E3150C94EB00824D1C /* AppDelegate.m */,
				0DECF5DA150C94EB00824D1C /* Supporting Files */,
			);
			path = huatuo360;
			sourceTree = "<group>";
		};
		0DECF5DA150C94EB00824D1C /* Supporting Files */ = {
			isa = PBXGroup;
			children = (
				0DECF5DB150C94EB00824D1C /* huatuo360-Info.plist */,
				0DECF5DC150C94EB00824D1C /* InfoPlist.strings */,
				0DECF5DF150C94EB00824D1C /* main.m */,
				0DECF5E1150C94EB00824D1C /* huatuo360-Prefix.pch */,
			);
			name = "Supporting Files";
			sourceTree = "<group>";
		};
		0DECF630150C9CAB00824D1C /* Resources */ = {
			isa = PBXGroup;
			children = (
				0D9A9A17152F367000D62421 /* rbDown.png */,
				0D9A9A19152F367000D62421 /* rbNormal.png */,
				0D74B991152DEE510063E9B0 /* cities.plist */,
				B783C60A152F39B000678CA9 /* data.plist */,
				0DECF662150C9F2300824D1C /* more.png */,
				0DECF663150C9F2300824D1C /* more@2x.png */,
				0DECF664150C9F2300824D1C /* user.png */,
				0DECF665150C9F2300824D1C /* user@2x.png */,
				0DECF631150C9CAB00824D1C /* homepage.png */,
				0DECF632150C9CAB00824D1C /* homepage@2x.png */,
				0DECF633150C9CAB00824D1C /* info.png */,
				0DECF634150C9CAB00824D1C /* info@2x.png */,
				0D4A7F3D152AFD56003BAC85 /* disease.plist */,
			);
			path = Resources;
			sourceTree = "<group>";
		};
		0DECF645150C9CEB00824D1C /* Views */ = {
			isa = PBXGroup;
			children = (
				0DECF646150C9CEB00824D1C /* Homepage */,
				0DECF647150C9CEB00824D1C /* Info */,
				0DECF648150C9CEB00824D1C /* More */,
				0DECF649150C9CEB00824D1C /* User */,
			);
			path = Views;
			sourceTree = "<group>";
		};
		0DECF646150C9CEB00824D1C /* Homepage */ = {
			isa = PBXGroup;
			children = (
				0DECF64E150C9D0F00824D1C /* HomepageViewController.h */,
				0DECF64F150C9D0F00824D1C /* HomepageViewController.m */,
				0DECF650150C9D0F00824D1C /* HomepageViewController.xib */,
				0D6FC997152AF58400A77E44 /* DropDownList.h */,
				0D6FC998152AF58400A77E44 /* DropDownList.m */,
				0D73A62D152C3AE70077666D /* CityListVC.h */,
				0D73A62E152C3AE70077666D /* CityListVC.m */,
				0D73A62F152C3AE70077666D /* CityListVC.xib */,
				0D7136DC152F1E5800AC115E /* HomePageNavVC.h */,
				0D7136DD152F1E5800AC115E /* HomePageNavVC.m */,
			);
			path = Homepage;
			sourceTree = "<group>";
		};
		0DECF647150C9CEB00824D1C /* Info */ = {
			isa = PBXGroup;
			children = (
				0D06CAB6152F3F4600FA35FE /* comment */,
				0DECF653150C9D2400824D1C /* InfoNavViewController.h */,
				0DECF654150C9D2400824D1C /* InfoNavViewController.m */,
				0D6FC3FD151A3F2300C8E4D5 /* HospitalListViewController.h */,
				0D6FC3FE151A3F2300C8E4D5 /* HospitalListViewController.m */,
				0D6FC400151A4CDF00C8E4D5 /* DoctorListViewController.h */,
				0D6FC401151A4CDF00C8E4D5 /* DoctorListViewController.m */,
				B783B449152373740089AAFD /* DepartmentListViewController.h */,
				B783B44A152373750089AAFD /* DepartmentListViewController.m */,
				B783B458152375A40089AAFD /* CommentListViewController.m */,
				B783B45A152375CE0089AAFD /* DiseaseListViewController.h */,
				B783B45B152375CE0089AAFD /* DiseaseListViewController.m */,
				B77CD72415260DFA00D238CD /* FixListViewController.h */,
				B77CD72515260DFA00D238CD /* FixListViewController.m */,
				B78500E7152C2F4500FDB045 /* HospitalDetailVC.h */,
				B78500E8152C2F4500FDB045 /* HospitalDetailVC.m */,
				B78500E9152C2F4500FDB045 /* HospitalDetailVC.xib */,
				0D6F25A715276ED3001A3A92 /* ListViewController1.h */,
				0D6F25A815276ED3001A3A92 /* ListViewController1.m */,
				B783B457152375A30089AAFD /* CommentListViewController.h */,
				0D6F25A915276ED3001A3A92 /* ListViewController1.xib */,
				0D6F25AC15276EEB001A3A92 /* ListViewController2.h */,
				0D6F25AD15276EEB001A3A92 /* ListViewController2.m */,
				0D6F25AE15276EEC001A3A92 /* ListViewController2.xib */,
				0DB6928815277BBD00FD7F98 /* DoctorDetailVC.h */,
				0DB6928915277BBD00FD7F98 /* DoctorDetailVC.m */,
				0DB6928A15277BBD00FD7F98 /* DoctorDetailVC.xib */,
				0D6ED6B61535BCC1008A7AC3 /* DoctorListVC.h */,
				0D6ED6B71535BCC1008A7AC3 /* DoctorListVC.m */,
				0D6ED6B81535BCC1008A7AC3 /* DoctorListVC.xib */,
				0D6C2196153B2C490081B044 /* DeptSelectVC.h */,
				0D6C2197153B2C490081B044 /* DeptSelectVC.m */,
				0D6C2198153B2C490081B044 /* DeptSelectVC.xib */,
			);
			path = Info;
			sourceTree = "<group>";
		};
		0DECF648150C9CEB00824D1C /* More */ = {
			isa = PBXGroup;
			children = (
				0DECF658150C9E5F00824D1C /* MoreViewController.h */,
				0DECF659150C9E5F00824D1C /* MoreViewController.m */,
				0DECF65A150C9E5F00824D1C /* MoreViewController.xib */,
			);
			path = More;
			sourceTree = "<group>";
		};
		0DECF649150C9CEB00824D1C /* User */ = {
			isa = PBXGroup;
			children = (
				0DECF65D150C9E7000824D1C /* UserNavViewController.h */,
				0DECF65E150C9E7000824D1C /* UserNavViewController.m */,
				B72CCE871538A0B3000DA066 /* UserInfoViewController.h */,
				B72CCE881538A0B3000DA066 /* UserInfoViewController.m */,
				B72CCE891538A0B3000DA066 /* UserInfoViewController.xib */,
				0D708A971515A77A007EA936 /* LoginViewController.h */,
				B72CCE811538A099000DA066 /* AlterPwdViewController.h */,
				B72CCE821538A099000DA066 /* AlterPwdViewController.m */,
				B782F10F153DBB19005A05BC /* CheckCodeViewController.h */,
				B782F115153DBB34005A05BC /* ResetPwdViewController.h */,
				B782F116153DBB34005A05BC /* ResetPwdViewController.m */,
				B782F117153DBB34005A05BC /* ResetPwdViewController.xib */,
				B782F110153DBB19005A05BC /* CheckCodeViewController.m */,
				B782F111153DBB19005A05BC /* CheckCodeViewController.xib */,
				B72CCE831538A099000DA066 /* AlterPwdViewController.xib */,
				0D708A981515A77A007EA936 /* LoginViewController.m */,
				0D708A991515A77A007EA936 /* LoginViewController.xib */,
				0D708A9C1515A78B007EA936 /* RegisterViewController.h */,
				0D708A9D1515A78B007EA936 /* RegisterViewController.m */,
				0D708A9E1515A78B007EA936 /* RegisterViewController.xib */,
			);
			path = User;
			sourceTree = "<group>";
		};
		0DF27B32153089F700D9103E /* Utility */ = {
			isa = PBXGroup;
			children = (
				0DF27B33153089F700D9103E /* MBProgressHUD.h */,
				0DF27B34153089F700D9103E /* MBProgressHUD.m */,
				0DF27B4C15308CBF00D9103E /* HUDManger.h */,
				0DF27B4D15308CBF00D9103E /* HUDManger.m */,
				B7832F321541999D007F0FDD /* AlertViewManager.h */,
				B7832F331541999D007F0FDD /* AlertViewManager.m */,
			);
			path = Utility;
			sourceTree = "<group>";
		};
/* End PBXGroup section */

/* Begin PBXNativeTarget section */
		0DECF5CE150C94EB00824D1C /* huatuo360 */ = {
			isa = PBXNativeTarget;
			buildConfigurationList = 0DECF5FB150C94EB00824D1C /* Build configuration list for PBXNativeTarget "huatuo360" */;
			buildPhases = (
				0DECF5CB150C94EB00824D1C /* Sources */,
				0DECF5CC150C94EB00824D1C /* Frameworks */,
				0DECF5CD150C94EB00824D1C /* Resources */,
			);
			buildRules = (
			);
			dependencies = (
			);
			name = huatuo360;
			productName = huatuo360;
			productReference = 0DECF5CF150C94EB00824D1C /* huatuo360.app */;
			productType = "com.apple.product-type.application";
		};
/* End PBXNativeTarget section */

/* Begin PBXProject section */
		0DECF5C6150C94EB00824D1C /* Project object */ = {
			isa = PBXProject;
			attributes = {
				LastUpgradeCheck = 0430;
			};
			buildConfigurationList = 0DECF5C9150C94EB00824D1C /* Build configuration list for PBXProject "huatuo360" */;
			compatibilityVersion = "Xcode 3.2";
			developmentRegion = English;
			hasScannedForEncodings = 0;
			knownRegions = (
				en,
			);
			mainGroup = 0DECF5C4150C94EB00824D1C;
			productRefGroup = 0DECF5D0150C94EB00824D1C /* Products */;
			projectDirPath = "";
			projectRoot = "";
			targets = (
				0DECF5CE150C94EB00824D1C /* huatuo360 */,
			);
		};
/* End PBXProject section */

/* Begin PBXResourcesBuildPhase section */
		0DECF5CD150C94EB00824D1C /* Resources */ = {
			isa = PBXResourcesBuildPhase;
			buildActionMask = 2147483647;
			files = (
				0DECF5DE150C94EB00824D1C /* InfoPlist.strings in Resources */,
				0DECF635150C9CAB00824D1C /* homepage.png in Resources */,
				0DECF636150C9CAB00824D1C /* homepage@2x.png in Resources */,
				0DECF637150C9CAB00824D1C /* info.png in Resources */,
				0DECF638150C9CAB00824D1C /* info@2x.png in Resources */,
				0DECF652150C9D0F00824D1C /* HomepageViewController.xib in Resources */,
				0DECF65C150C9E5F00824D1C /* MoreViewController.xib in Resources */,
				0DECF666150C9F2300824D1C /* more.png in Resources */,
				0DECF667150C9F2300824D1C /* more@2x.png in Resources */,
				0DECF668150C9F2300824D1C /* user.png in Resources */,
				0DECF669150C9F2300824D1C /* user@2x.png in Resources */,
				0D708A9B1515A77A007EA936 /* LoginViewController.xib in Resources */,
				0D708AA01515A78B007EA936 /* RegisterViewController.xib in Resources */,
				0D74340D151E5BAE009119A9 /* README-GHUnit in Resources */,
				0D6F25AB15276ED3001A3A92 /* ListViewController1.xib in Resources */,
				0D6F25B015276EEC001A3A92 /* ListViewController2.xib in Resources */,
				0D6F25B2152773B5001A3A92 /* Entitlement.plist in Resources */,
				0DB6928C15277BBD00FD7F98 /* DoctorDetailVC.xib in Resources */,
				0D4A7F3E152AFD56003BAC85 /* disease.plist in Resources */,
				0D73A631152C3AE70077666D /* CityListVC.xib in Resources */,
				0D74B992152DEE510063E9B0 /* cities.plist in Resources */,
				B78500EB152C2F4600FDB045 /* HospitalDetailVC.xib in Resources */,
				0D9A9A1A152F367000D62421 /* rbDown.png in Resources */,
				0D9A9A1C152F367000D62421 /* rbNormal.png in Resources */,
				0D06CABB152F3F5D00FA35FE /* CommentViewController.xib in Resources */,
				B783C60B152F39B000678CA9 /* data.plist in Resources */,
				B72CCE851538A099000DA066 /* AlterPwdViewController.xib in Resources */,
				B72CCE8B1538A0B3000DA066 /* UserInfoViewController.xib in Resources */,
				0D6ED6BA1535BCC1008A7AC3 /* DoctorListVC.xib in Resources */,
				0D6C219A153B2C4A0081B044 /* DeptSelectVC.xib in Resources */,
				B782F113153DBB19005A05BC /* CheckCodeViewController.xib in Resources */,
				B782F119153DBB34005A05BC /* ResetPwdViewController.xib in Resources */,
			);
			runOnlyForDeploymentPostprocessing = 0;
		};
/* End PBXResourcesBuildPhase section */

/* Begin PBXSourcesBuildPhase section */
		0DECF5CB150C94EB00824D1C /* Sources */ = {
			isa = PBXSourcesBuildPhase;
			buildActionMask = 2147483647;
			files = (
				0DECF5E0150C94EB00824D1C /* main.m in Sources */,
				0DECF5E4150C94EB00824D1C /* AppDelegate.m in Sources */,
				0DECF651150C9D0F00824D1C /* HomepageViewController.m in Sources */,
				0DECF656150C9D2400824D1C /* InfoNavViewController.m in Sources */,
				0DECF65B150C9E5F00824D1C /* MoreViewController.m in Sources */,
				0DECF660150C9E7000824D1C /* UserNavViewController.m in Sources */,
				0D708A9A1515A77A007EA936 /* LoginViewController.m in Sources */,
				0D708A9F1515A78B007EA936 /* RegisterViewController.m in Sources */,
				0D6FC3FF151A3F2400C8E4D5 /* HospitalListViewController.m in Sources */,
				0D6FC402151A4CDF00C8E4D5 /* DoctorListViewController.m in Sources */,
				0D7433E8151E5BAE009119A9 /* ASIAuthenticationDialog.m in Sources */,
				0D7433E9151E5BAE009119A9 /* ASIDataCompressor.m in Sources */,
				0D7433EA151E5BAE009119A9 /* ASIDataDecompressor.m in Sources */,
				0D7433EB151E5BAE009119A9 /* ASIDownloadCache.m in Sources */,
				0D7433EC151E5BAE009119A9 /* ASIFormDataRequest.m in Sources */,
				0D7433ED151E5BAE009119A9 /* ASIHTTPRequest.m in Sources */,
				0D7433EE151E5BAE009119A9 /* ASIInputStream.m in Sources */,
				0D7433EF151E5BAE009119A9 /* ASINetworkQueue.m in Sources */,
				0D74340E151E5BAE009119A9 /* Reachability.m in Sources */,
				0D743437151E5CB6009119A9 /* ASIWebPageRequest.m in Sources */,
				0D743438151E5CB6009119A9 /* ASICloudFilesCDNRequest.m in Sources */,
				0D743439151E5CB6009119A9 /* ASICloudFilesContainer.m in Sources */,
				0D74343A151E5CB6009119A9 /* ASICloudFilesContainerRequest.m in Sources */,
				0D74343B151E5CB6009119A9 /* ASICloudFilesContainerXMLParserDelegate.m in Sources */,
				0D74343C151E5CB6009119A9 /* ASICloudFilesObject.m in Sources */,
				0D74343D151E5CB6009119A9 /* ASICloudFilesObjectRequest.m in Sources */,
				0D74343E151E5CB6009119A9 /* ASICloudFilesRequest.m in Sources */,
				0D74343F151E5CB6009119A9 /* ASIS3Bucket.m in Sources */,
				0D743440151E5CB6009119A9 /* ASIS3BucketObject.m in Sources */,
				0D743441151E5CB6009119A9 /* ASIS3BucketRequest.m in Sources */,
				0D743442151E5CB6009119A9 /* ASIS3ObjectRequest.m in Sources */,
				0D743443151E5CB6009119A9 /* ASIS3Request.m in Sources */,
				0D743444151E5CB6009119A9 /* ASIS3ServiceRequest.m in Sources */,
				B77C554E151EF660009F0613 /* AsiObjectManager.m in Sources */,
				0D6FA66D151F5EE800DC57B5 /* NSObject+SBJson.m in Sources */,
				0D6FA66E151F5EE800DC57B5 /* SBJsonParser.m in Sources */,
				0D6FA66F151F5EE800DC57B5 /* SBJsonStreamParser.m in Sources */,
				0D6FA670151F5EE800DC57B5 /* SBJsonStreamParserAccumulator.m in Sources */,
				0D6FA671151F5EE800DC57B5 /* SBJsonStreamParserAdapter.m in Sources */,
				0D6FA672151F5EE800DC57B5 /* SBJsonStreamParserState.m in Sources */,
				0D6FA673151F5EE800DC57B5 /* SBJsonStreamWriter.m in Sources */,
				0D6FA674151F5EE800DC57B5 /* SBJsonStreamWriterAccumulator.m in Sources */,
				0D6FA675151F5EE800DC57B5 /* SBJsonStreamWriterState.m in Sources */,
				0D6FA676151F5EE800DC57B5 /* SBJsonTokeniser.m in Sources */,
				0D6FA677151F5EE800DC57B5 /* SBJsonUTF8Stream.m in Sources */,
				0D6FA678151F5EE800DC57B5 /* SBJsonWriter.m in Sources */,
				0D7123601520C3E6006420C2 /* Constants.m in Sources */,
				B783B44B152373750089AAFD /* DepartmentListViewController.m in Sources */,
				B783B459152375A40089AAFD /* CommentListViewController.m in Sources */,
				B783B45C152375CE0089AAFD /* DiseaseListViewController.m in Sources */,
				B77CD72615260DFA00D238CD /* FixListViewController.m in Sources */,
				0D6F25AA15276ED3001A3A92 /* ListViewController1.m in Sources */,
				0D6F25AF15276EEC001A3A92 /* ListViewController2.m in Sources */,
				0DB6928B15277BBD00FD7F98 /* DoctorDetailVC.m in Sources */,
				0D6FC999152AF58400A77E44 /* DropDownList.m in Sources */,
				0D73A630152C3AE70077666D /* CityListVC.m in Sources */,
				0D7136DE152F1E5800AC115E /* HomePageNavVC.m in Sources */,
				B78500EA152C2F4600FDB045 /* HospitalDetailVC.m in Sources */,
				0D06CABA152F3F5D00FA35FE /* CommentViewController.m in Sources */,
				0DF27B35153089F700D9103E /* MBProgressHUD.m in Sources */,
				0DF27B4E15308CBF00D9103E /* HUDManger.m in Sources */,
				B72CCE841538A099000DA066 /* AlterPwdViewController.m in Sources */,
				B72CCE8A1538A0B3000DA066 /* UserInfoViewController.m in Sources */,
				0D6ED6B91535BCC1008A7AC3 /* DoctorListVC.m in Sources */,
				0D6C2199153B2C4A0081B044 /* DeptSelectVC.m in Sources */,
				B782F112153DBB19005A05BC /* CheckCodeViewController.m in Sources */,
				B782F118153DBB34005A05BC /* ResetPwdViewController.m in Sources */,
				B7832F341541999D007F0FDD /* AlertViewManager.m in Sources */,
			);
			runOnlyForDeploymentPostprocessing = 0;
		};
/* End PBXSourcesBuildPhase section */

/* Begin PBXVariantGroup section */
		0DECF5DC150C94EB00824D1C /* InfoPlist.strings */ = {
			isa = PBXVariantGroup;
			children = (
				0DECF5DD150C94EB00824D1C /* en */,
			);
			name = InfoPlist.strings;
			sourceTree = "<group>";
		};
/* End PBXVariantGroup section */

/* Begin XCBuildConfiguration section */
		0DECF5F9150C94EB00824D1C /* Debug */ = {
			isa = XCBuildConfiguration;
			buildSettings = {
				ALWAYS_SEARCH_USER_PATHS = NO;
				ARCHS = (
					armv6,
					"$(ARCHS_STANDARD_32_BIT)",
				);
				CLANG_ENABLE_OBJC_ARC = YES;
				"CODE_SIGN_IDENTITY[sdk=iphoneos*]" = "iPhone Developer";
				COPY_PHASE_STRIP = NO;
				GCC_C_LANGUAGE_STANDARD = gnu99;
				GCC_DYNAMIC_NO_PIC = NO;
				GCC_OPTIMIZATION_LEVEL = 0;
				GCC_PREPROCESSOR_DEFINITIONS = (
					"DEBUG=1",
					"$(inherited)",
				);
				GCC_SYMBOLS_PRIVATE_EXTERN = NO;
				GCC_THUMB_SUPPORT = NO;
				GCC_VERSION = com.apple.compilers.llvm.clang.1_0;
				GCC_WARN_ABOUT_RETURN_TYPE = YES;
				GCC_WARN_UNINITIALIZED_AUTOS = YES;
				GCC_WARN_UNUSED_VARIABLE = YES;
				IPHONEOS_DEPLOYMENT_TARGET = 4.1;
				SDKROOT = iphoneos;
				VALIDATE_PRODUCT = NO;
			};
			name = Debug;
		};
		0DECF5FA150C94EB00824D1C /* Release */ = {
			isa = XCBuildConfiguration;
			buildSettings = {
				ALWAYS_SEARCH_USER_PATHS = NO;
				ARCHS = (
					armv6,
					"$(ARCHS_STANDARD_32_BIT)",
				);
				CLANG_ENABLE_OBJC_ARC = YES;
				"CODE_SIGN_IDENTITY[sdk=iphoneos*]" = "iPhone Developer";
				COPY_PHASE_STRIP = YES;
				GCC_C_LANGUAGE_STANDARD = gnu99;
				GCC_THUMB_SUPPORT = NO;
				GCC_VERSION = com.apple.compilers.llvm.clang.1_0;
				GCC_WARN_ABOUT_RETURN_TYPE = YES;
				GCC_WARN_UNINITIALIZED_AUTOS = YES;
				GCC_WARN_UNUSED_VARIABLE = YES;
				IPHONEOS_DEPLOYMENT_TARGET = 4.1;
				OTHER_CFLAGS = "-DNS_BLOCK_ASSERTIONS=1";
				SDKROOT = iphoneos;
				VALIDATE_PRODUCT = NO;
			};
			name = Release;
		};
		0DECF5FC150C94EB00824D1C /* Debug */ = {
			isa = XCBuildConfiguration;
			buildSettings = {
				ALWAYS_SEARCH_USER_PATHS = NO;
				CODE_SIGN_ENTITLEMENTS = Entitlement.plist;
				GCC_PRECOMPILE_PREFIX_HEADER = YES;
				GCC_PREFIX_HEADER = "huatuo360/huatuo360-Prefix.pch";
				GCC_THUMB_SUPPORT = NO;
				"HEADER_SEARCH_PATHS[arch=*]" = "${SDK_DIR}/usr/include/libxml2";
				INFOPLIST_FILE = "huatuo360/huatuo360-Info.plist";
				IPHONEOS_DEPLOYMENT_TARGET = 4.1;
				PRODUCT_NAME = "$(TARGET_NAME)";
				TARGETED_DEVICE_FAMILY = 1;
				WRAPPER_EXTENSION = app;
			};
			name = Debug;
		};
		0DECF5FD150C94EB00824D1C /* Release */ = {
			isa = XCBuildConfiguration;
			buildSettings = {
				ALWAYS_SEARCH_USER_PATHS = NO;
				CODE_SIGN_ENTITLEMENTS = Entitlement.plist;
				GCC_PRECOMPILE_PREFIX_HEADER = YES;
				GCC_PREFIX_HEADER = "huatuo360/huatuo360-Prefix.pch";
				GCC_THUMB_SUPPORT = NO;
				"HEADER_SEARCH_PATHS[arch=*]" = "${SDK_DIR}/usr/include/libxml2";
				INFOPLIST_FILE = "huatuo360/huatuo360-Info.plist";
				IPHONEOS_DEPLOYMENT_TARGET = 4.1;
				PRODUCT_NAME = "$(TARGET_NAME)";
				TARGETED_DEVICE_FAMILY = 1;
				WRAPPER_EXTENSION = app;
			};
			name = Release;
		};
/* End XCBuildConfiguration section */

/* Begin XCConfigurationList section */
		0DECF5C9150C94EB00824D1C /* Build configuration list for PBXProject "huatuo360" */ = {
			isa = XCConfigurationList;
			buildConfigurations = (
				0DECF5F9150C94EB00824D1C /* Debug */,
				0DECF5FA150C94EB00824D1C /* Release */,
			);
			defaultConfigurationIsVisible = 0;
			defaultConfigurationName = Release;
		};
		0DECF5FB150C94EB00824D1C /* Build configuration list for PBXNativeTarget "huatuo360" */ = {
			isa = XCConfigurationList;
			buildConfigurations = (
				0DECF5FC150C94EB00824D1C /* Debug */,
				0DECF5FD150C94EB00824D1C /* Release */,
			);
			defaultConfigurationIsVisible = 0;
			defaultConfigurationName = Release;
		};
/* End XCConfigurationList section */
	};
	rootObject = 0DECF5C6150C94EB00824D1C /* Project object */;
}
